// !$*UTF8*$!
{
	archiveVersion = 1;
	classes = {
	};
	objectVersion = 56;
	objects = {

/* Begin PBXBuildFile section */
		CE1787E42DF46D3100A91620 /* AppDelegate.swift in Sources */ = {isa = PBXBuildFile; fileRef = CE1787E32DF46D3100A91620 /* AppDelegate.swift */; };
		CE1787E62DF46D3100A91620 /* SceneDelegate.swift in Sources */ = {isa = PBXBuildFile; fileRef = CE1787E52DF46D3100A91620 /* SceneDelegate.swift */; };
		CE1787ED2DF46D3700A91620 /* Assets.xcassets in Resources */ = {isa = PBXBuildFile; fileRef = CE1787EC2DF46D3700A91620 /* Assets.xcassets */; };
		CE1787F02DF46D3700A91620 /* LaunchScreen.storyboard in Resources */ = {isa = PBXBuildFile; fileRef = CE1787EE2DF46D3700A91620 /* LaunchScreen.storyboard */; };
		CE1787F92DF46D4500A91620 /* SnapKit in Frameworks */ = {isa = PBXBuildFile; productRef = CE1787F82DF46D4500A91620 /* SnapKit */; };
		CE1787FB2DF46D4500A91620 /* SnapKit-Dynamic in Frameworks */ = {isa = PBXBuildFile; productRef = CE1787FA2DF46D4500A91620 /* SnapKit-Dynamic */; };
		CE1787FE2DF4712900A91620 /* AppCoordinator.swift in Sources */ = {isa = PBXBuildFile; fileRef = CE1787FD2DF4712900A91620 /* AppCoordinator.swift */; };
		CE1788022DF471A700A91620 /* Localizable.strings in Resources */ = {isa = PBXBuildFile; fileRef = CE1788012DF471A700A91620 /* Localizable.strings */; };
		CE1788062DF4724700A91620 /* UIView+Ext.swift in Sources */ = {isa = PBXBuildFile; fileRef = CE1788052DF4724700A91620 /* UIView+Ext.swift */; };
		CE1788082DF4725C00A91620 /* UILabel+Ext.swift in Sources */ = {isa = PBXBuildFile; fileRef = CE1788072DF4725C00A91620 /* UILabel+Ext.swift */; };
		CE17881C2DF4861C00A91620 /* UIImageView+Kingfisher.swift in Sources */ = {isa = PBXBuildFile; fileRef = CE17881B2DF4861C00A91620 /* UIImageView+Kingfisher.swift */; };
		CE17881E2DF4862D00A91620 /* String+Localization.swift in Sources */ = {isa = PBXBuildFile; fileRef = CE17881D2DF4862D00A91620 /* String+Localization.swift */; };
		CE1788202DF4864000A91620 /* Combine+Extensions.swift in Sources */ = {isa = PBXBuildFile; fileRef = CE17881F2DF4864000A91620 /* Combine+Extensions.swift */; };
		CE1788222DF4865500A91620 /* NotificationManager.swift in Sources */ = {isa = PBXBuildFile; fileRef = CE1788212DF4865500A91620 /* NotificationManager.swift */; };
		CE1788242DF4866D00A91620 /* LocalizationManager.swift in Sources */ = {isa = PBXBuildFile; fileRef = CE1788232DF4866D00A91620 /* LocalizationManager.swift */; };
		CE1788262DF4867C00A91620 /* KeychainManager.swift in Sources */ = {isa = PBXBuildFile; fileRef = CE1788252DF4867C00A91620 /* KeychainManager.swift */; };
		CE1788282DF4868D00A91620 /* UserDefaultsManager.swift in Sources */ = {isa = PBXBuildFile; fileRef = CE1788272DF4868D00A91620 /* UserDefaultsManager.swift */; };
		CE17882A2DF486B700A91620 /* APIClient.swift in Sources */ = {isa = PBXBuildFile; fileRef = CE1788292DF486B700A91620 /* APIClient.swift */; };
		CE17882C2DF486C500A91620 /* RequestBuilder.swift in Sources */ = {isa = PBXBuildFile; fileRef = CE17882B2DF486C500A91620 /* RequestBuilder.swift */; };
		CE17882E2DF486D200A91620 /* AuthEndpoint.swift in Sources */ = {isa = PBXBuildFile; fileRef = CE17882D2DF486D200A91620 /* AuthEndpoint.swift */; };
		CE1788302DF486E900A91620 /* URLSession+Extensions.swift in Sources */ = {isa = PBXBuildFile; fileRef = CE17882F2DF486E900A91620 /* URLSession+Extensions.swift */; };
		CE1788322DF486FA00A91620 /* AlamofireNetworkService.swift in Sources */ = {isa = PBXBuildFile; fileRef = CE1788312DF486FA00A91620 /* AlamofireNetworkService.swift */; };
		CE1788342DF4895B00A91620 /* CartViewController.swift in Sources */ = {isa = PBXBuildFile; fileRef = CE1788332DF4895B00A91620 /* CartViewController.swift */; };
		CE1788362DF4896A00A91620 /* CartViewModel.swift in Sources */ = {isa = PBXBuildFile; fileRef = CE1788352DF4896A00A91620 /* CartViewModel.swift */; };
		CE1788382DF4897800A91620 /* CartBuilder.swift in Sources */ = {isa = PBXBuildFile; fileRef = CE1788372DF4897800A91620 /* CartBuilder.swift */; };
		CE17883C2DF48DA200A91620 /* LoginViewController.swift in Sources */ = {isa = PBXBuildFile; fileRef = CE17883B2DF48DA200A91620 /* LoginViewController.swift */; };
		CE17883F2DF48E2000A91620 /* LoginViewModel.swift in Sources */ = {isa = PBXBuildFile; fileRef = CE17883E2DF48E2000A91620 /* LoginViewModel.swift */; };
		CE1788422DF48E3A00A91620 /* LoginBuilder.swift in Sources */ = {isa = PBXBuildFile; fileRef = CE1788412DF48E3A00A91620 /* LoginBuilder.swift */; };
		CE1788452DF48E6100A91620 /* LoginCoordinator.swift in Sources */ = {isa = PBXBuildFile; fileRef = CE1788442DF48E6100A91620 /* LoginCoordinator.swift */; };
		CE46264D2DF61BD80026AFE6 /* SplashView.swift in Sources */ = {isa = PBXBuildFile; fileRef = CE46264C2DF61BD80026AFE6 /* SplashView.swift */; };
		CE5C6BF32DF48F9500821985 /* RegisterViewController.swift in Sources */ = {isa = PBXBuildFile; fileRef = CE5C6BF22DF48F9500821985 /* RegisterViewController.swift */; };
		CE5C6BF52DF48FB200821985 /* RegisterViewModel.swift in Sources */ = {isa = PBXBuildFile; fileRef = CE5C6BF42DF48FB200821985 /* RegisterViewModel.swift */; };
		CE5C6BF72DF48FC900821985 /* RegisterBuilder.swift in Sources */ = {isa = PBXBuildFile; fileRef = CE5C6BF62DF48FC900821985 /* RegisterBuilder.swift */; };
		CE5C6BFA2DF48FE900821985 /* RegisterCoordinator.swift in Sources */ = {isa = PBXBuildFile; fileRef = CE5C6BF92DF48FE900821985 /* RegisterCoordinator.swift */; };
		CE5C6C022DF4913600821985 /* ForgotPasswordBuilder.swift in Sources */ = {isa = PBXBuildFile; fileRef = CE5C6C012DF4913600821985 /* ForgotPasswordBuilder.swift */; };
		CE5C6C042DF4916700821985 /* ForgotPasswordViewModel.swift in Sources */ = {isa = PBXBuildFile; fileRef = CE5C6C032DF4916700821985 /* ForgotPasswordViewModel.swift */; };
		CE5C6C062DF4918500821985 /* ForgotPasswordViewController.swift in Sources */ = {isa = PBXBuildFile; fileRef = CE5C6C052DF4918500821985 /* ForgotPasswordViewController.swift */; };
		CE5C6C092DF4995D00821985 /* ForgotPasswordCoordinator.swift in Sources */ = {isa = PBXBuildFile; fileRef = CE5C6C082DF4995D00821985 /* ForgotPasswordCoordinator.swift */; };
		CE5C6C0C2DF4A06F00821985 /* HomeViewController.swift in Sources */ = {isa = PBXBuildFile; fileRef = CE5C6C0B2DF4A06F00821985 /* HomeViewController.swift */; };
		CE5C6C0F2DF4A08E00821985 /* HomeViewModel.swift in Sources */ = {isa = PBXBuildFile; fileRef = CE5C6C0E2DF4A08E00821985 /* HomeViewModel.swift */; };
		CE5C6C122DF4A0A700821985 /* HomeBuilder.swift in Sources */ = {isa = PBXBuildFile; fileRef = CE5C6C112DF4A0A700821985 /* HomeBuilder.swift */; };
		CE5C6C162DF4A0D200821985 /* HomeCoordinator.swift in Sources */ = {isa = PBXBuildFile; fileRef = CE5C6C152DF4A0D200821985 /* HomeCoordinator.swift */; };
		CE5C6C1A2DF4A11100821985 /* ProductDetailViewController.swift in Sources */ = {isa = PBXBuildFile; fileRef = CE5C6C192DF4A11100821985 /* ProductDetailViewController.swift */; };
		CE5C6C1D2DF4A12F00821985 /* ProductDetailViewModel.swift in Sources */ = {isa = PBXBuildFile; fileRef = CE5C6C1C2DF4A12F00821985 /* ProductDetailViewModel.swift */; };
		CE5C6C202DF4A14500821985 /* ProductDetailBuilder.swift in Sources */ = {isa = PBXBuildFile; fileRef = CE5C6C1F2DF4A14500821985 /* ProductDetailBuilder.swift */; };
		CE5C6C232DF4A15D00821985 /* ProductDetailCoordinator.swift in Sources */ = {isa = PBXBuildFile; fileRef = CE5C6C222DF4A15D00821985 /* ProductDetailCoordinator.swift */; };
		CE5C6C292DF4A19900821985 /* ProfileViewController.swift in Sources */ = {isa = PBXBuildFile; fileRef = CE5C6C282DF4A19900821985 /* ProfileViewController.swift */; };
		CE5C6C2B2DF4A1A800821985 /* ProfileViewModel.swift in Sources */ = {isa = PBXBuildFile; fileRef = CE5C6C2A2DF4A1A800821985 /* ProfileViewModel.swift */; };
		CE5C6C2D2DF4A1B500821985 /* ProfileBuilder.swift in Sources */ = {isa = PBXBuildFile; fileRef = CE5C6C2C2DF4A1B500821985 /* ProfileBuilder.swift */; };
		CE5C6C302DF4A1CE00821985 /* ProfileCoordinator.swift in Sources */ = {isa = PBXBuildFile; fileRef = CE5C6C2F2DF4A1CE00821985 /* ProfileCoordinator.swift */; };
		CE5C6C322DF4AF0200821985 /* User.swift in Sources */ = {isa = PBXBuildFile; fileRef = CE5C6C312DF4AF0200821985 /* User.swift */; };
		CE5C6C342DF4AF1400821985 /* Product.swift in Sources */ = {isa = PBXBuildFile; fileRef = CE5C6C332DF4AF1400821985 /* Product.swift */; };
		CE5C6C362DF4AF2300821985 /* Order.swift in Sources */ = {isa = PBXBuildFile; fileRef = CE5C6C352DF4AF2300821985 /* Order.swift */; };
		CE5C6C382DF4AF3000821985 /* Category.swift in Sources */ = {isa = PBXBuildFile; fileRef = CE5C6C372DF4AF3000821985 /* Category.swift */; };
		CE5C6C3D2DF4AF9200821985 /* SplashViewController.swift in Sources */ = {isa = PBXBuildFile; fileRef = CE5C6C3C2DF4AF9200821985 /* SplashViewController.swift */; };
		CE5C6C3F2DF4AFA100821985 /* SplashViewModel.swift in Sources */ = {isa = PBXBuildFile; fileRef = CE5C6C3E2DF4AFA100821985 /* SplashViewModel.swift */; };
		CE5C6C4C2DF4B08200821985 /* OnboardingViewModel.swift in Sources */ = {isa = PBXBuildFile; fileRef = CE5C6C4B2DF4B08200821985 /* OnboardingViewModel.swift */; };
		CE5C6C502DF4B0B200821985 /* OnboardingBuilder.swift in Sources */ = {isa = PBXBuildFile; fileRef = CE5C6C4F2DF4B0B200821985 /* OnboardingBuilder.swift */; };
		CE5C6C522DF4B16F00821985 /* ProductService.swift in Sources */ = {isa = PBXBuildFile; fileRef = CE5C6C512DF4B16F00821985 /* ProductService.swift */; };
		CE5C6C542DF4B18D00821985 /* CustomButton.swift in Sources */ = {isa = PBXBuildFile; fileRef = CE5C6C532DF4B18D00821985 /* CustomButton.swift */; };
		CE5C6C562DF4B19A00821985 /* CustomTextField.swift in Sources */ = {isa = PBXBuildFile; fileRef = CE5C6C552DF4B19A00821985 /* CustomTextField.swift */; };
		CE5C6C582DF4B1A700821985 /* ProductCardView.swift in Sources */ = {isa = PBXBuildFile; fileRef = CE5C6C572DF4B1A700821985 /* ProductCardView.swift */; };
		CE5C6C5D2DF4B20400821985 /* OrdersViewController.swift in Sources */ = {isa = PBXBuildFile; fileRef = CE5C6C5C2DF4B20400821985 /* OrdersViewController.swift */; };
		CE5C6C5F2DF4B21300821985 /* OrdersViewModel.swift in Sources */ = {isa = PBXBuildFile; fileRef = CE5C6C5E2DF4B21300821985 /* OrdersViewModel.swift */; };
		CE5C6C612DF4B22200821985 /* OrdersBuilder.swift in Sources */ = {isa = PBXBuildFile; fileRef = CE5C6C602DF4B22200821985 /* OrdersBuilder.swift */; };
		CE5C6C642DF4B26200821985 /* ProductCell.swift in Sources */ = {isa = PBXBuildFile; fileRef = CE5C6C632DF4B26200821985 /* ProductCell.swift */; };
		CE5E3C702DF757BF005B827B /* MeaCulpa-Regular.ttf in Resources */ = {isa = PBXBuildFile; fileRef = CE5E3C6F2DF757BF005B827B /* MeaCulpa-Regular.ttf */; };
		CE5E3C732DF777BE005B827B /* Kingfisher in Frameworks */ = {isa = PBXBuildFile; productRef = CE5E3C722DF777BE005B827B /* Kingfisher */; };
		CE5E3C792DF826B3005B827B /* OnboardingPageView.swift in Sources */ = {isa = PBXBuildFile; fileRef = CE5E3C782DF826B3005B827B /* OnboardingPageView.swift */; };
		CE5E3C7B2DF826D5005B827B /* OnboardingModel.swift in Sources */ = {isa = PBXBuildFile; fileRef = CE5E3C7A2DF826D5005B827B /* OnboardingModel.swift */; };
		CE5E3C7D2DF84DA7005B827B /* Savate-VariableFont_wght.ttf in Resources */ = {isa = PBXBuildFile; fileRef = CE5E3C7C2DF84DA7005B827B /* Savate-VariableFont_wght.ttf */; };
		CE5E3C832DF854C5005B827B /* WelcomeOnboardingViewController .swift in Sources */ = {isa = PBXBuildFile; fileRef = CE5E3C822DF854C5005B827B /* WelcomeOnboardingViewController .swift */; };
		CE5E3C852DF855C0005B827B /* FeaturesOnboardingViewController.swift in Sources */ = {isa = PBXBuildFile; fileRef = CE5E3C842DF855C0005B827B /* FeaturesOnboardingViewController.swift */; };
		CE5E3C872DF855F7005B827B /* PermissionsOnboardingViewController.swift in Sources */ = {isa = PBXBuildFile; fileRef = CE5E3C862DF855F7005B827B /* PermissionsOnboardingViewController.swift */; };
		CE5E3C892DF85613005B827B /* GetStartedOnboardingViewController  .swift in Sources */ = {isa = PBXBuildFile; fileRef = CE5E3C882DF85613005B827B /* GetStartedOnboardingViewController  .swift */; };
		CE5E3C8F2DF856BE005B827B /* GetStartedOnboardingBuilder.swift in Sources */ = {isa = PBXBuildFile; fileRef = CE5E3C8E2DF856BE005B827B /* GetStartedOnboardingBuilder.swift */; };
		CE5E3C912DF85C8A005B827B /* Oswald-VariableFont_wght.ttf in Resources */ = {isa = PBXBuildFile; fileRef = CE5E3C902DF85C8A005B827B /* Oswald-VariableFont_wght.ttf */; };
		CE5E3C932DF861F4005B827B /* PermissionsOnboardingView.swift in Sources */ = {isa = PBXBuildFile; fileRef = CE5E3C922DF861F4005B827B /* PermissionsOnboardingView.swift */; };
		CE5E3C952DF86896005B827B /* GetStartedOnboardingView.swift in Sources */ = {isa = PBXBuildFile; fileRef = CE5E3C942DF86896005B827B /* GetStartedOnboardingView.swift */; };
		CE5E3C972DF8732A005B827B /* PageViewController.swift in Sources */ = {isa = PBXBuildFile; fileRef = CE5E3C962DF8732A005B827B /* PageViewController.swift */; };
		CE5E3C9A2DF885C1005B827B /* SplashBuild.swift in Sources */ = {isa = PBXBuildFile; fileRef = CE5E3C992DF885C1005B827B /* SplashBuild.swift */; };
		CE5E3C9C2DF8897E005B827B /* GetStartedOnboardingViewModel.swift in Sources */ = {isa = PBXBuildFile; fileRef = CE5E3C9B2DF8897E005B827B /* GetStartedOnboardingViewModel.swift */; };
		CE5E3C9E2DF89F46005B827B /* PermissionsOnboardingViewModel.swift in Sources */ = {isa = PBXBuildFile; fileRef = CE5E3C9D2DF89F46005B827B /* PermissionsOnboardingViewModel.swift */; };
		CE5E3CA02DF89F80005B827B /* PermissionsOnboardingBuilder.swift in Sources */ = {isa = PBXBuildFile; fileRef = CE5E3C9F2DF89F80005B827B /* PermissionsOnboardingBuilder.swift */; };
		CE5E3CA42DF8D49E005B827B /* UIStackView.swift in Sources */ = {isa = PBXBuildFile; fileRef = CE5E3CA32DF8D49E005B827B /* UIStackView.swift */; };
		CEA1C3322DFAC9F200E9B74B /* RegisterView.swift in Sources */ = {isa = PBXBuildFile; fileRef = CEA1C3312DFAC9F200E9B74B /* RegisterView.swift */; };
		CEA1C3352DFADDA400E9B74B /* LoginView.swift in Sources */ = {isa = PBXBuildFile; fileRef = CEA1C3342DFADDA400E9B74B /* LoginView.swift */; };
		CEA1C33C2DFB09E400E9B74B /* VerifyOTPViewController.swift in Sources */ = {isa = PBXBuildFile; fileRef = CEA1C33B2DFB09E400E9B74B /* VerifyOTPViewController.swift */; };
		CEA1C33E2DFB0A0A00E9B74B /* SendOTPView.swift in Sources */ = {isa = PBXBuildFile; fileRef = CEA1C33D2DFB0A0A00E9B74B /* SendOTPView.swift */; };
		CEA1C3442DFB0A6F00E9B74B /* VerifyOTPView.swift in Sources */ = {isa = PBXBuildFile; fileRef = CEA1C3432DFB0A6F00E9B74B /* VerifyOTPView.swift */; };
		CEA1C3462DFB0A9300E9B74B /* VerifyOTPBuilder.swift in Sources */ = {isa = PBXBuildFile; fileRef = CEA1C3452DFB0A9300E9B74B /* VerifyOTPBuilder.swift */; };
		CEA1C3482DFB0AAD00E9B74B /* VerifyOTPViewModel.swift in Sources */ = {isa = PBXBuildFile; fileRef = CEA1C3472DFB0AAD00E9B74B /* VerifyOTPViewModel.swift */; };
		CEA1C34A2DFB0B0F00E9B74B /* ChangePasswordViewController  .swift in Sources */ = {isa = PBXBuildFile; fileRef = CEA1C3492DFB0B0F00E9B74B /* ChangePasswordViewController  .swift */; };
		CEA1C34C2DFB0BAB00E9B74B /*  ChangePasswordView.swift in Sources */ = {isa = PBXBuildFile; fileRef = CEA1C34B2DFB0BAB00E9B74B /*  ChangePasswordView.swift */; };
		CEA1C34E2DFB0BE100E9B74B /*  ChangePasswordViewModel.swift in Sources */ = {isa = PBXBuildFile; fileRef = CEA1C34D2DFB0BE100E9B74B /*  ChangePasswordViewModel.swift */; };
		CEA1C3502DFB0C0800E9B74B /*  ChangePasswordBuilder.swift in Sources */ = {isa = PBXBuildFile; fileRef = CEA1C34F2DFB0C0800E9B74B /*  ChangePasswordBuilder.swift */; };
		CEA1C3522DFC1D5D00E9B74B /* NetworkService.swift in Sources */ = {isa = PBXBuildFile; fileRef = CEA1C3512DFC1D5D00E9B74B /* NetworkService.swift */; };
		CEA1C3552DFC209C00E9B74B /* Alamofire in Frameworks */ = {isa = PBXBuildFile; productRef = CEA1C3542DFC209C00E9B74B /* Alamofire */; };
		CEA1C3572DFC209C00E9B74B /* AlamofireDynamic in Frameworks */ = {isa = PBXBuildFile; productRef = CEA1C3562DFC209C00E9B74B /* AlamofireDynamic */; };
		CEA1C3592DFC4C2200E9B74B /* NetworkError.swift in Sources */ = {isa = PBXBuildFile; fileRef = CEA1C3582DFC4C2200E9B74B /* NetworkError.swift */; };
		CEA1C35B2DFC517800E9B74B /* Login.swift in Sources */ = {isa = PBXBuildFile; fileRef = CEA1C35A2DFC517800E9B74B /* Login.swift */; };
		CEA1C35D2DFC519000E9B74B /* Register.swift in Sources */ = {isa = PBXBuildFile; fileRef = CEA1C35C2DFC519000E9B74B /* Register.swift */; };
		CEA1C35F2DFC51B300E9B74B /* OTPVerification.swift in Sources */ = {isa = PBXBuildFile; fileRef = CEA1C35E2DFC51B300E9B74B /* OTPVerification.swift */; };
		CEA1C3612DFC522300E9B74B /* SendEmail.swift in Sources */ = {isa = PBXBuildFile; fileRef = CEA1C3602DFC522300E9B74B /* SendEmail.swift */; };
		CEA1C3632DFC524600E9B74B /*  ResetPassword.swift in Sources */ = {isa = PBXBuildFile; fileRef = CEA1C3622DFC524600E9B74B /*  ResetPassword.swift */; };
		CEA1C3652DFC528700E9B74B /* MeResponse.swift in Sources */ = {isa = PBXBuildFile; fileRef = CEA1C3642DFC528700E9B74B /* MeResponse.swift */; };
		CEA1C3682DFC5C8800E9B74B /* AuthService.swift in Sources */ = {isa = PBXBuildFile; fileRef = CEA1C3672DFC5C8800E9B74B /* AuthService.swift */; };
		CEA1C36A2DFC600500E9B74B /* URLSessionNetworkService.swift in Sources */ = {isa = PBXBuildFile; fileRef = CEA1C3692DFC600500E9B74B /* URLSessionNetworkService.swift */; };
		CEA1C36C2DFC613900E9B74B /* EmptyResponse.swift in Sources */ = {isa = PBXBuildFile; fileRef = CEA1C36B2DFC613900E9B74B /* EmptyResponse.swift */; };
		CEA1C3712DFE15EE00E9B74B /* Lottie in Frameworks */ = {isa = PBXBuildFile; productRef = CEA1C3702DFE15EE00E9B74B /* Lottie */; };
		CEA1C3732DFE15EE00E9B74B /* Lottie-Dynamic in Frameworks */ = {isa = PBXBuildFile; productRef = CEA1C3722DFE15EE00E9B74B /* Lottie-Dynamic */; };
		CEA1C3782DFE189D00E9B74B /* SuccessPopupView.swift in Sources */ = {isa = PBXBuildFile; fileRef = CEA1C3772DFE189D00E9B74B /* SuccessPopupView.swift */; };
		CEA1C37A2DFE1BA400E9B74B /* fireworks.json in Resources */ = {isa = PBXBuildFile; fileRef = CEA1C3792DFE1BA400E9B74B /* fireworks.json */; };
		CED1C3892DFEB6330064AC1F /* Success.json in Resources */ = {isa = PBXBuildFile; fileRef = CED1C3882DFEB6330064AC1F /* Success.json */; };
		CED1C38B2DFEB9ED0064AC1F /* Error.json in Resources */ = {isa = PBXBuildFile; fileRef = CED1C38A2DFEB9ED0064AC1F /* Error.json */; };
/* End PBXBuildFile section */

/* Begin PBXFileReference section */
		CE1787E02DF46D3100A91620 /* LucaryShop.app */ = {isa = PBXFileReference; explicitFileType = wrapper.application; includeInIndex = 0; path = LucaryShop.app; sourceTree = BUILT_PRODUCTS_DIR; };
		CE1787E32DF46D3100A91620 /* AppDelegate.swift */ = {isa = PBXFileReference; lastKnownFileType = sourcecode.swift; path = AppDelegate.swift; sourceTree = "<group>"; };
		CE1787E52DF46D3100A91620 /* SceneDelegate.swift */ = {isa = PBXFileReference; lastKnownFileType = sourcecode.swift; path = SceneDelegate.swift; sourceTree = "<group>"; };
		CE1787EC2DF46D3700A91620 /* Assets.xcassets */ = {isa = PBXFileReference; lastKnownFileType = folder.assetcatalog; path = Assets.xcassets; sourceTree = "<group>"; };
		CE1787EF2DF46D3700A91620 /* Base */ = {isa = PBXFileReference; lastKnownFileType = file.storyboard; name = Base; path = Base.lproj/LaunchScreen.storyboard; sourceTree = "<group>"; };
		CE1787F12DF46D3700A91620 /* Info.plist */ = {isa = PBXFileReference; lastKnownFileType = text.plist.xml; path = Info.plist; sourceTree = "<group>"; };
		CE1787FD2DF4712900A91620 /* AppCoordinator.swift */ = {isa = PBXFileReference; lastKnownFileType = sourcecode.swift; path = AppCoordinator.swift; sourceTree = "<group>"; };
		CE1788012DF471A700A91620 /* Localizable.strings */ = {isa = PBXFileReference; lastKnownFileType = text.plist.strings; path = Localizable.strings; sourceTree = "<group>"; };
		CE1788052DF4724700A91620 /* UIView+Ext.swift */ = {isa = PBXFileReference; lastKnownFileType = sourcecode.swift; path = "UIView+Ext.swift"; sourceTree = "<group>"; };
		CE1788072DF4725C00A91620 /* UILabel+Ext.swift */ = {isa = PBXFileReference; lastKnownFileType = sourcecode.swift; path = "UILabel+Ext.swift"; sourceTree = "<group>"; };
		CE17881B2DF4861C00A91620 /* UIImageView+Kingfisher.swift */ = {isa = PBXFileReference; lastKnownFileType = sourcecode.swift; path = "UIImageView+Kingfisher.swift"; sourceTree = "<group>"; };
		CE17881D2DF4862D00A91620 /* String+Localization.swift */ = {isa = PBXFileReference; lastKnownFileType = sourcecode.swift; path = "String+Localization.swift"; sourceTree = "<group>"; };
		CE17881F2DF4864000A91620 /* Combine+Extensions.swift */ = {isa = PBXFileReference; lastKnownFileType = sourcecode.swift; path = "Combine+Extensions.swift"; sourceTree = "<group>"; };
		CE1788212DF4865500A91620 /* NotificationManager.swift */ = {isa = PBXFileReference; lastKnownFileType = sourcecode.swift; path = NotificationManager.swift; sourceTree = "<group>"; };
		CE1788232DF4866D00A91620 /* LocalizationManager.swift */ = {isa = PBXFileReference; lastKnownFileType = sourcecode.swift; path = LocalizationManager.swift; sourceTree = "<group>"; };
		CE1788252DF4867C00A91620 /* KeychainManager.swift */ = {isa = PBXFileReference; lastKnownFileType = sourcecode.swift; path = KeychainManager.swift; sourceTree = "<group>"; };
		CE1788272DF4868D00A91620 /* UserDefaultsManager.swift */ = {isa = PBXFileReference; lastKnownFileType = sourcecode.swift; path = UserDefaultsManager.swift; sourceTree = "<group>"; };
		CE1788292DF486B700A91620 /* APIClient.swift */ = {isa = PBXFileReference; lastKnownFileType = sourcecode.swift; path = APIClient.swift; sourceTree = "<group>"; };
		CE17882B2DF486C500A91620 /* RequestBuilder.swift */ = {isa = PBXFileReference; lastKnownFileType = sourcecode.swift; path = RequestBuilder.swift; sourceTree = "<group>"; };
		CE17882D2DF486D200A91620 /* AuthEndpoint.swift */ = {isa = PBXFileReference; lastKnownFileType = sourcecode.swift; path = AuthEndpoint.swift; sourceTree = "<group>"; };
		CE17882F2DF486E900A91620 /* URLSession+Extensions.swift */ = {isa = PBXFileReference; lastKnownFileType = sourcecode.swift; path = "URLSession+Extensions.swift"; sourceTree = "<group>"; };
		CE1788312DF486FA00A91620 /* AlamofireNetworkService.swift */ = {isa = PBXFileReference; lastKnownFileType = sourcecode.swift; path = AlamofireNetworkService.swift; sourceTree = "<group>"; };
		CE1788332DF4895B00A91620 /* CartViewController.swift */ = {isa = PBXFileReference; lastKnownFileType = sourcecode.swift; path = CartViewController.swift; sourceTree = "<group>"; };
		CE1788352DF4896A00A91620 /* CartViewModel.swift */ = {isa = PBXFileReference; lastKnownFileType = sourcecode.swift; path = CartViewModel.swift; sourceTree = "<group>"; };
		CE1788372DF4897800A91620 /* CartBuilder.swift */ = {isa = PBXFileReference; lastKnownFileType = sourcecode.swift; path = CartBuilder.swift; sourceTree = "<group>"; };
		CE17883B2DF48DA200A91620 /* LoginViewController.swift */ = {isa = PBXFileReference; lastKnownFileType = sourcecode.swift; path = LoginViewController.swift; sourceTree = "<group>"; };
		CE17883E2DF48E2000A91620 /* LoginViewModel.swift */ = {isa = PBXFileReference; lastKnownFileType = sourcecode.swift; path = LoginViewModel.swift; sourceTree = "<group>"; };
		CE1788412DF48E3A00A91620 /* LoginBuilder.swift */ = {isa = PBXFileReference; lastKnownFileType = sourcecode.swift; path = LoginBuilder.swift; sourceTree = "<group>"; };
		CE1788442DF48E6100A91620 /* LoginCoordinator.swift */ = {isa = PBXFileReference; lastKnownFileType = sourcecode.swift; path = LoginCoordinator.swift; sourceTree = "<group>"; };
		CE46264C2DF61BD80026AFE6 /* SplashView.swift */ = {isa = PBXFileReference; lastKnownFileType = sourcecode.swift; path = SplashView.swift; sourceTree = "<group>"; };
		CE5C6BF22DF48F9500821985 /* RegisterViewController.swift */ = {isa = PBXFileReference; lastKnownFileType = sourcecode.swift; path = RegisterViewController.swift; sourceTree = "<group>"; };
		CE5C6BF42DF48FB200821985 /* RegisterViewModel.swift */ = {isa = PBXFileReference; lastKnownFileType = sourcecode.swift; path = RegisterViewModel.swift; sourceTree = "<group>"; };
		CE5C6BF62DF48FC900821985 /* RegisterBuilder.swift */ = {isa = PBXFileReference; lastKnownFileType = sourcecode.swift; path = RegisterBuilder.swift; sourceTree = "<group>"; };
		CE5C6BF92DF48FE900821985 /* RegisterCoordinator.swift */ = {isa = PBXFileReference; lastKnownFileType = sourcecode.swift; path = RegisterCoordinator.swift; sourceTree = "<group>"; };
		CE5C6C012DF4913600821985 /* ForgotPasswordBuilder.swift */ = {isa = PBXFileReference; lastKnownFileType = sourcecode.swift; path = ForgotPasswordBuilder.swift; sourceTree = "<group>"; };
		CE5C6C032DF4916700821985 /* ForgotPasswordViewModel.swift */ = {isa = PBXFileReference; lastKnownFileType = sourcecode.swift; path = ForgotPasswordViewModel.swift; sourceTree = "<group>"; };
		CE5C6C052DF4918500821985 /* ForgotPasswordViewController.swift */ = {isa = PBXFileReference; lastKnownFileType = sourcecode.swift; path = ForgotPasswordViewController.swift; sourceTree = "<group>"; };
		CE5C6C082DF4995D00821985 /* ForgotPasswordCoordinator.swift */ = {isa = PBXFileReference; lastKnownFileType = sourcecode.swift; path = ForgotPasswordCoordinator.swift; sourceTree = "<group>"; };
		CE5C6C0B2DF4A06F00821985 /* HomeViewController.swift */ = {isa = PBXFileReference; lastKnownFileType = sourcecode.swift; path = HomeViewController.swift; sourceTree = "<group>"; };
		CE5C6C0E2DF4A08E00821985 /* HomeViewModel.swift */ = {isa = PBXFileReference; lastKnownFileType = sourcecode.swift; path = HomeViewModel.swift; sourceTree = "<group>"; };
		CE5C6C112DF4A0A700821985 /* HomeBuilder.swift */ = {isa = PBXFileReference; lastKnownFileType = sourcecode.swift; path = HomeBuilder.swift; sourceTree = "<group>"; };
		CE5C6C152DF4A0D200821985 /* HomeCoordinator.swift */ = {isa = PBXFileReference; lastKnownFileType = sourcecode.swift; path = HomeCoordinator.swift; sourceTree = "<group>"; };
		CE5C6C192DF4A11100821985 /* ProductDetailViewController.swift */ = {isa = PBXFileReference; lastKnownFileType = sourcecode.swift; path = ProductDetailViewController.swift; sourceTree = "<group>"; };
		CE5C6C1C2DF4A12F00821985 /* ProductDetailViewModel.swift */ = {isa = PBXFileReference; lastKnownFileType = sourcecode.swift; path = ProductDetailViewModel.swift; sourceTree = "<group>"; };
		CE5C6C1F2DF4A14500821985 /* ProductDetailBuilder.swift */ = {isa = PBXFileReference; lastKnownFileType = sourcecode.swift; path = ProductDetailBuilder.swift; sourceTree = "<group>"; };
		CE5C6C222DF4A15D00821985 /* ProductDetailCoordinator.swift */ = {isa = PBXFileReference; lastKnownFileType = sourcecode.swift; path = ProductDetailCoordinator.swift; sourceTree = "<group>"; };
		CE5C6C282DF4A19900821985 /* ProfileViewController.swift */ = {isa = PBXFileReference; lastKnownFileType = sourcecode.swift; path = ProfileViewController.swift; sourceTree = "<group>"; };
		CE5C6C2A2DF4A1A800821985 /* ProfileViewModel.swift */ = {isa = PBXFileReference; lastKnownFileType = sourcecode.swift; path = ProfileViewModel.swift; sourceTree = "<group>"; };
		CE5C6C2C2DF4A1B500821985 /* ProfileBuilder.swift */ = {isa = PBXFileReference; lastKnownFileType = sourcecode.swift; path = ProfileBuilder.swift; sourceTree = "<group>"; };
		CE5C6C2F2DF4A1CE00821985 /* ProfileCoordinator.swift */ = {isa = PBXFileReference; lastKnownFileType = sourcecode.swift; path = ProfileCoordinator.swift; sourceTree = "<group>"; };
		CE5C6C312DF4AF0200821985 /* User.swift */ = {isa = PBXFileReference; lastKnownFileType = sourcecode.swift; path = User.swift; sourceTree = "<group>"; };
		CE5C6C332DF4AF1400821985 /* Product.swift */ = {isa = PBXFileReference; lastKnownFileType = sourcecode.swift; path = Product.swift; sourceTree = "<group>"; };
		CE5C6C352DF4AF2300821985 /* Order.swift */ = {isa = PBXFileReference; lastKnownFileType = sourcecode.swift; path = Order.swift; sourceTree = "<group>"; };
		CE5C6C372DF4AF3000821985 /* Category.swift */ = {isa = PBXFileReference; lastKnownFileType = sourcecode.swift; path = Category.swift; sourceTree = "<group>"; };
		CE5C6C3C2DF4AF9200821985 /* SplashViewController.swift */ = {isa = PBXFileReference; lastKnownFileType = sourcecode.swift; path = SplashViewController.swift; sourceTree = "<group>"; };
		CE5C6C3E2DF4AFA100821985 /* SplashViewModel.swift */ = {isa = PBXFileReference; lastKnownFileType = sourcecode.swift; path = SplashViewModel.swift; sourceTree = "<group>"; };
		CE5C6C4B2DF4B08200821985 /* OnboardingViewModel.swift */ = {isa = PBXFileReference; lastKnownFileType = sourcecode.swift; path = OnboardingViewModel.swift; sourceTree = "<group>"; };
		CE5C6C4F2DF4B0B200821985 /* OnboardingBuilder.swift */ = {isa = PBXFileReference; lastKnownFileType = sourcecode.swift; path = OnboardingBuilder.swift; sourceTree = "<group>"; };
		CE5C6C512DF4B16F00821985 /* ProductService.swift */ = {isa = PBXFileReference; lastKnownFileType = sourcecode.swift; path = ProductService.swift; sourceTree = "<group>"; };
		CE5C6C532DF4B18D00821985 /* CustomButton.swift */ = {isa = PBXFileReference; lastKnownFileType = sourcecode.swift; path = CustomButton.swift; sourceTree = "<group>"; };
		CE5C6C552DF4B19A00821985 /* CustomTextField.swift */ = {isa = PBXFileReference; lastKnownFileType = sourcecode.swift; path = CustomTextField.swift; sourceTree = "<group>"; };
		CE5C6C572DF4B1A700821985 /* ProductCardView.swift */ = {isa = PBXFileReference; lastKnownFileType = sourcecode.swift; path = ProductCardView.swift; sourceTree = "<group>"; };
		CE5C6C5C2DF4B20400821985 /* OrdersViewController.swift */ = {isa = PBXFileReference; lastKnownFileType = sourcecode.swift; path = OrdersViewController.swift; sourceTree = "<group>"; };
		CE5C6C5E2DF4B21300821985 /* OrdersViewModel.swift */ = {isa = PBXFileReference; lastKnownFileType = sourcecode.swift; path = OrdersViewModel.swift; sourceTree = "<group>"; };
		CE5C6C602DF4B22200821985 /* OrdersBuilder.swift */ = {isa = PBXFileReference; lastKnownFileType = sourcecode.swift; path = OrdersBuilder.swift; sourceTree = "<group>"; };
		CE5C6C632DF4B26200821985 /* ProductCell.swift */ = {isa = PBXFileReference; lastKnownFileType = sourcecode.swift; path = ProductCell.swift; sourceTree = "<group>"; };
		CE5E3C6F2DF757BF005B827B /* MeaCulpa-Regular.ttf */ = {isa = PBXFileReference; lastKnownFileType = file; path = "MeaCulpa-Regular.ttf"; sourceTree = "<group>"; };
		CE5E3C782DF826B3005B827B /* OnboardingPageView.swift */ = {isa = PBXFileReference; lastKnownFileType = sourcecode.swift; path = OnboardingPageView.swift; sourceTree = "<group>"; };
		CE5E3C7A2DF826D5005B827B /* OnboardingModel.swift */ = {isa = PBXFileReference; lastKnownFileType = sourcecode.swift; path = OnboardingModel.swift; sourceTree = "<group>"; };
		CE5E3C7C2DF84DA7005B827B /* Savate-VariableFont_wght.ttf */ = {isa = PBXFileReference; lastKnownFileType = file; path = "Savate-VariableFont_wght.ttf"; sourceTree = "<group>"; };
		CE5E3C822DF854C5005B827B /* WelcomeOnboardingViewController .swift */ = {isa = PBXFileReference; lastKnownFileType = sourcecode.swift; path = "WelcomeOnboardingViewController .swift"; sourceTree = "<group>"; };
		CE5E3C842DF855C0005B827B /* FeaturesOnboardingViewController.swift */ = {isa = PBXFileReference; lastKnownFileType = sourcecode.swift; path = FeaturesOnboardingViewController.swift; sourceTree = "<group>"; };
		CE5E3C862DF855F7005B827B /* PermissionsOnboardingViewController.swift */ = {isa = PBXFileReference; lastKnownFileType = sourcecode.swift; path = PermissionsOnboardingViewController.swift; sourceTree = "<group>"; };
		CE5E3C882DF85613005B827B /* GetStartedOnboardingViewController  .swift */ = {isa = PBXFileReference; lastKnownFileType = sourcecode.swift; path = "GetStartedOnboardingViewController  .swift"; sourceTree = "<group>"; };
		CE5E3C8E2DF856BE005B827B /* GetStartedOnboardingBuilder.swift */ = {isa = PBXFileReference; lastKnownFileType = sourcecode.swift; path = GetStartedOnboardingBuilder.swift; sourceTree = "<group>"; };
		CE5E3C902DF85C8A005B827B /* Oswald-VariableFont_wght.ttf */ = {isa = PBXFileReference; lastKnownFileType = file; path = "Oswald-VariableFont_wght.ttf"; sourceTree = "<group>"; };
		CE5E3C922DF861F4005B827B /* PermissionsOnboardingView.swift */ = {isa = PBXFileReference; lastKnownFileType = sourcecode.swift; path = PermissionsOnboardingView.swift; sourceTree = "<group>"; };
		CE5E3C942DF86896005B827B /* GetStartedOnboardingView.swift */ = {isa = PBXFileReference; lastKnownFileType = sourcecode.swift; path = GetStartedOnboardingView.swift; sourceTree = "<group>"; };
		CE5E3C962DF8732A005B827B /* PageViewController.swift */ = {isa = PBXFileReference; lastKnownFileType = sourcecode.swift; path = PageViewController.swift; sourceTree = "<group>"; };
		CE5E3C992DF885C1005B827B /* SplashBuild.swift */ = {isa = PBXFileReference; lastKnownFileType = sourcecode.swift; path = SplashBuild.swift; sourceTree = "<group>"; };
		CE5E3C9B2DF8897E005B827B /* GetStartedOnboardingViewModel.swift */ = {isa = PBXFileReference; lastKnownFileType = sourcecode.swift; path = GetStartedOnboardingViewModel.swift; sourceTree = "<group>"; };
		CE5E3C9D2DF89F46005B827B /* PermissionsOnboardingViewModel.swift */ = {isa = PBXFileReference; lastKnownFileType = sourcecode.swift; path = PermissionsOnboardingViewModel.swift; sourceTree = "<group>"; };
		CE5E3C9F2DF89F80005B827B /* PermissionsOnboardingBuilder.swift */ = {isa = PBXFileReference; lastKnownFileType = sourcecode.swift; path = PermissionsOnboardingBuilder.swift; sourceTree = "<group>"; };
		CE5E3CA32DF8D49E005B827B /* UIStackView.swift */ = {isa = PBXFileReference; lastKnownFileType = sourcecode.swift; path = UIStackView.swift; sourceTree = "<group>"; };
		CEA1C3312DFAC9F200E9B74B /* RegisterView.swift */ = {isa = PBXFileReference; lastKnownFileType = sourcecode.swift; path = RegisterView.swift; sourceTree = "<group>"; };
		CEA1C3342DFADDA400E9B74B /* LoginView.swift */ = {isa = PBXFileReference; lastKnownFileType = sourcecode.swift; path = LoginView.swift; sourceTree = "<group>"; };
		CEA1C33B2DFB09E400E9B74B /* VerifyOTPViewController.swift */ = {isa = PBXFileReference; lastKnownFileType = sourcecode.swift; path = VerifyOTPViewController.swift; sourceTree = "<group>"; };
		CEA1C33D2DFB0A0A00E9B74B /* SendOTPView.swift */ = {isa = PBXFileReference; lastKnownFileType = sourcecode.swift; path = SendOTPView.swift; sourceTree = "<group>"; };
		CEA1C3432DFB0A6F00E9B74B /* VerifyOTPView.swift */ = {isa = PBXFileReference; lastKnownFileType = sourcecode.swift; path = VerifyOTPView.swift; sourceTree = "<group>"; };
		CEA1C3452DFB0A9300E9B74B /* VerifyOTPBuilder.swift */ = {isa = PBXFileReference; lastKnownFileType = sourcecode.swift; path = VerifyOTPBuilder.swift; sourceTree = "<group>"; };
		CEA1C3472DFB0AAD00E9B74B /* VerifyOTPViewModel.swift */ = {isa = PBXFileReference; lastKnownFileType = sourcecode.swift; path = VerifyOTPViewModel.swift; sourceTree = "<group>"; };
		CEA1C3492DFB0B0F00E9B74B /* ChangePasswordViewController  .swift */ = {isa = PBXFileReference; lastKnownFileType = sourcecode.swift; path = "ChangePasswordViewController  .swift"; sourceTree = "<group>"; };
		CEA1C34B2DFB0BAB00E9B74B /*  ChangePasswordView.swift */ = {isa = PBXFileReference; lastKnownFileType = sourcecode.swift; path = " ChangePasswordView.swift"; sourceTree = "<group>"; };
		CEA1C34D2DFB0BE100E9B74B /*  ChangePasswordViewModel.swift */ = {isa = PBXFileReference; lastKnownFileType = sourcecode.swift; path = " ChangePasswordViewModel.swift"; sourceTree = "<group>"; };
		CEA1C34F2DFB0C0800E9B74B /*  ChangePasswordBuilder.swift */ = {isa = PBXFileReference; lastKnownFileType = sourcecode.swift; path = " ChangePasswordBuilder.swift"; sourceTree = "<group>"; };
		CEA1C3512DFC1D5D00E9B74B /* NetworkService.swift */ = {isa = PBXFileReference; lastKnownFileType = sourcecode.swift; path = NetworkService.swift; sourceTree = "<group>"; };
		CEA1C3582DFC4C2200E9B74B /* NetworkError.swift */ = {isa = PBXFileReference; lastKnownFileType = sourcecode.swift; path = NetworkError.swift; sourceTree = "<group>"; };
		CEA1C35A2DFC517800E9B74B /* Login.swift */ = {isa = PBXFileReference; lastKnownFileType = sourcecode.swift; path = Login.swift; sourceTree = "<group>"; };
		CEA1C35C2DFC519000E9B74B /* Register.swift */ = {isa = PBXFileReference; lastKnownFileType = sourcecode.swift; path = Register.swift; sourceTree = "<group>"; };
		CEA1C35E2DFC51B300E9B74B /* OTPVerification.swift */ = {isa = PBXFileReference; lastKnownFileType = sourcecode.swift; path = OTPVerification.swift; sourceTree = "<group>"; };
		CEA1C3602DFC522300E9B74B /* SendEmail.swift */ = {isa = PBXFileReference; lastKnownFileType = sourcecode.swift; path = SendEmail.swift; sourceTree = "<group>"; };
		CEA1C3622DFC524600E9B74B /*  ResetPassword.swift */ = {isa = PBXFileReference; lastKnownFileType = sourcecode.swift; path = " ResetPassword.swift"; sourceTree = "<group>"; };
		CEA1C3642DFC528700E9B74B /* MeResponse.swift */ = {isa = PBXFileReference; lastKnownFileType = sourcecode.swift; path = MeResponse.swift; sourceTree = "<group>"; };
		CEA1C3672DFC5C8800E9B74B /* AuthService.swift */ = {isa = PBXFileReference; lastKnownFileType = sourcecode.swift; path = AuthService.swift; sourceTree = "<group>"; };
		CEA1C3692DFC600500E9B74B /* URLSessionNetworkService.swift */ = {isa = PBXFileReference; lastKnownFileType = sourcecode.swift; path = URLSessionNetworkService.swift; sourceTree = "<group>"; };
		CEA1C36B2DFC613900E9B74B /* EmptyResponse.swift */ = {isa = PBXFileReference; lastKnownFileType = sourcecode.swift; path = EmptyResponse.swift; sourceTree = "<group>"; };
		CEA1C3772DFE189D00E9B74B /* SuccessPopupView.swift */ = {isa = PBXFileReference; lastKnownFileType = sourcecode.swift; path = SuccessPopupView.swift; sourceTree = "<group>"; };
		CEA1C3792DFE1BA400E9B74B /* fireworks.json */ = {isa = PBXFileReference; fileEncoding = 4; lastKnownFileType = text.json; path = fireworks.json; sourceTree = "<group>"; };
		CED1C3882DFEB6330064AC1F /* Success.json */ = {isa = PBXFileReference; fileEncoding = 4; lastKnownFileType = text.json; path = Success.json; sourceTree = "<group>"; };
		CED1C38A2DFEB9ED0064AC1F /* Error.json */ = {isa = PBXFileReference; fileEncoding = 4; lastKnownFileType = text.json; path = Error.json; sourceTree = "<group>"; };
/* End PBXFileReference section */

/* Begin PBXFrameworksBuildPhase section */
		CE1787DD2DF46D3100A91620 /* Frameworks */ = {
			isa = PBXFrameworksBuildPhase;
			buildActionMask = 2147483647;
			files = (
				CEA1C3732DFE15EE00E9B74B /* Lottie-Dynamic in Frameworks */,
				CE5E3C732DF777BE005B827B /* Kingfisher in Frameworks */,
				CEA1C3552DFC209C00E9B74B /* Alamofire in Frameworks */,
				CEA1C3572DFC209C00E9B74B /* AlamofireDynamic in Frameworks */,
				CE1787F92DF46D4500A91620 /* SnapKit in Frameworks */,
				CE1787FB2DF46D4500A91620 /* SnapKit-Dynamic in Frameworks */,
				CEA1C3712DFE15EE00E9B74B /* Lottie in Frameworks */,
			);
			runOnlyForDeploymentPostprocessing = 0;
		};
/* End PBXFrameworksBuildPhase section */

/* Begin PBXGroup section */
		CE1787D72DF46D3100A91620 = {
			isa = PBXGroup;
			children = (
				CE1787E22DF46D3100A91620 /* LucaryShop */,
				CE1787E12DF46D3100A91620 /* Products */,
			);
			sourceTree = "<group>";
		};
		CE1787E12DF46D3100A91620 /* Products */ = {
			isa = PBXGroup;
			children = (
				CE1787E02DF46D3100A91620 /* LucaryShop.app */,
			);
			name = Products;
			sourceTree = "<group>";
		};
		CE1787E22DF46D3100A91620 /* LucaryShop */ = {
			isa = PBXGroup;
			children = (
				CE1788192DF473FF00A91620 /* Components */,
				CE17880D2DF472E000A91620 /* Modules */,
				CE1788032DF4721900A91620 /* Core */,
				CE1787FF2DF4714A00A91620 /* Resources */,
				CE1787FC2DF46D5400A91620 /* App */,
				CE1787EE2DF46D3700A91620 /* LaunchScreen.storyboard */,
				CE1787F12DF46D3700A91620 /* Info.plist */,
			);
			path = LucaryShop;
			sourceTree = "<group>";
		};
		CE1787FC2DF46D5400A91620 /* App */ = {
			isa = PBXGroup;
			children = (
				CE1787E32DF46D3100A91620 /* AppDelegate.swift */,
				CE1787E52DF46D3100A91620 /* SceneDelegate.swift */,
				CE1787FD2DF4712900A91620 /* AppCoordinator.swift */,
			);
			path = App;
			sourceTree = "<group>";
		};
		CE1787FF2DF4714A00A91620 /* Resources */ = {
			isa = PBXGroup;
			children = (
				CEA1C3742DFE175200E9B74B /* Animations */,
				CE46264E2DF620990026AFE6 /* Fonts */,
				CE1788392DF48B7C00A91620 /* Localization */,
				CE1787EC2DF46D3700A91620 /* Assets.xcassets */,
			);
			path = Resources;
			sourceTree = "<group>";
		};
		CE1788032DF4721900A91620 /* Core */ = {
			isa = PBXGroup;
			children = (
				CE17880C2DF472C500A91620 /* Models */,
				CE17880B2DF472A800A91620 /* Services */,
				CE17880A2DF4728C00A91620 /* Utilities */,
				CE1788092DF4727B00A91620 /* Networking */,
				CE1788042DF4722C00A91620 /* Extensions */,
			);
			path = Core;
			sourceTree = "<group>";
		};
		CE1788042DF4722C00A91620 /* Extensions */ = {
			isa = PBXGroup;
			children = (
				CE17882F2DF486E900A91620 /* URLSession+Extensions.swift */,
				CE1788052DF4724700A91620 /* UIView+Ext.swift */,
				CE1788072DF4725C00A91620 /* UILabel+Ext.swift */,
				CE17881B2DF4861C00A91620 /* UIImageView+Kingfisher.swift */,
				CE17881D2DF4862D00A91620 /* String+Localization.swift */,
				CE17881F2DF4864000A91620 /* Combine+Extensions.swift */,
				CE5E3CA32DF8D49E005B827B /* UIStackView.swift */,
			);
			path = Extensions;
			sourceTree = "<group>";
		};
		CE1788092DF4727B00A91620 /* Networking */ = {
			isa = PBXGroup;
			children = (
				CE1788292DF486B700A91620 /* APIClient.swift */,
				CE17882B2DF486C500A91620 /* RequestBuilder.swift */,
				CE17882D2DF486D200A91620 /* AuthEndpoint.swift */,
				CE1788312DF486FA00A91620 /* AlamofireNetworkService.swift */,
				CEA1C3582DFC4C2200E9B74B /* NetworkError.swift */,
			);
			path = Networking;
			sourceTree = "<group>";
		};
		CE17880A2DF4728C00A91620 /* Utilities */ = {
			isa = PBXGroup;
			children = (
				CE1788212DF4865500A91620 /* NotificationManager.swift */,
				CE1788232DF4866D00A91620 /* LocalizationManager.swift */,
				CE1788252DF4867C00A91620 /* KeychainManager.swift */,
				CE1788272DF4868D00A91620 /* UserDefaultsManager.swift */,
			);
			path = Utilities;
			sourceTree = "<group>";
		};
		CE17880B2DF472A800A91620 /* Services */ = {
			isa = PBXGroup;
			children = (
				CE5C6C512DF4B16F00821985 /* ProductService.swift */,
				CEA1C3512DFC1D5D00E9B74B /* NetworkService.swift */,
				CEA1C3672DFC5C8800E9B74B /* AuthService.swift */,
				CEA1C3692DFC600500E9B74B /* URLSessionNetworkService.swift */,
			);
			path = Services;
			sourceTree = "<group>";
		};
		CE17880C2DF472C500A91620 /* Models */ = {
			isa = PBXGroup;
			children = (
				CEA1C3662DFC52ED00E9B74B /* AuthModel */,
				CE5E3C7A2DF826D5005B827B /* OnboardingModel.swift */,
				CE5C6C312DF4AF0200821985 /* User.swift */,
				CE5C6C332DF4AF1400821985 /* Product.swift */,
				CE5C6C352DF4AF2300821985 /* Order.swift */,
				CE5C6C372DF4AF3000821985 /* Category.swift */,
			);
			path = Models;
			sourceTree = "<group>";
		};
		CE17880D2DF472E000A91620 /* Modules */ = {
			isa = PBXGroup;
			children = (
				CE1788182DF473E000A91620 /* Profile */,
				CE1788172DF473D400A91620 /* Orders */,
				CE1788162DF4739E00A91620 /* Cart */,
				CE1788152DF4738E00A91620 /* ProductDetail */,
				CE1788142DF4736600A91620 /* Home */,
				CE1788102DF4732100A91620 /* Auth */,
				CE17880F2DF4730700A91620 /* Onboarding */,
				CE17880E2DF472F800A91620 /* Splash */,
			);
			path = Modules;
			sourceTree = "<group>";
		};
		CE17880E2DF472F800A91620 /* Splash */ = {
			isa = PBXGroup;
			children = (
				CE5E3C982DF88581005B827B /* Build */,
				CE46264B2DF61BBD0026AFE6 /* Controller */,
				CE5C6C3A2DF4AF6B00821985 /* ViewModel */,
				CE5C6C392DF4AF6400821985 /* View */,
			);
			path = Splash;
			sourceTree = "<group>";
		};
		CE17880F2DF4730700A91620 /* Onboarding */ = {
			isa = PBXGroup;
			children = (
				CE5E3C772DF82683005B827B /* Controller */,
				CE5E3C762DF82659005B827B /* Root */,
				CE5C6C472DF4B03200821985 /* Builder */,
				CE5C6C462DF4B02A00821985 /* ViewModel */,
				CE5C6C452DF4B02300821985 /* View */,
			);
			path = Onboarding;
			sourceTree = "<group>";
		};
		CE1788102DF4732100A91620 /* Auth */ = {
			isa = PBXGroup;
			children = (
				CE1788112DF4733000A91620 /* Login */,
				CE1788122DF4733E00A91620 /* Register */,
				CE1788132DF4734B00A91620 /* ForgotPassword */,
			);
			path = Auth;
			sourceTree = "<group>";
		};
		CE1788112DF4733000A91620 /* Login */ = {
			isa = PBXGroup;
			children = (
				CEA1C3332DFADD8700E9B74B /* Controller */,
				CE1788432DF48E4A00A91620 /* Coordinator */,
				CE1788402DF48E2800A91620 /* Builder */,
				CE17883D2DF48DD500A91620 /* ViewModel */,
				CE17883A2DF48D8E00A91620 /* View */,
			);
			path = Login;
			sourceTree = "<group>";
		};
		CE1788122DF4733E00A91620 /* Register */ = {
			isa = PBXGroup;
			children = (
				CEA1C3302DFAC9D500E9B74B /* Controller */,
				CE5C6BF82DF48FD400821985 /* Coordinator */,
				CE5C6BF12DF48F4D00821985 /* Builder */,
				CE1788472DF48E9500A91620 /* ViewModel */,
				CE1788462DF48E8300A91620 /* View */,
			);
			path = Register;
			sourceTree = "<group>";
		};
		CE1788132DF4734B00A91620 /* ForgotPassword */ = {
			isa = PBXGroup;
			children = (
				CE5C6C072DF491B100821985 /* Coordinator */,
				CE5C6C002DF490B100821985 /* Builder */,
				CE5C6BFF2DF490A600821985 /* ViewModel */,
				CE5C6BFE2DF4909F00821985 /* View */,
				CEA1C3362DFAE16200E9B74B /* Controller */,
			);
			path = ForgotPassword;
			sourceTree = "<group>";
		};
		CE1788142DF4736600A91620 /* Home */ = {
			isa = PBXGroup;
			children = (
				CE5C6C622DF4B25600821985 /* Cells */,
				CE5C6C132DF4A0B400821985 /* Coordinator */,
				CE5C6C102DF4A09400821985 /* Builder */,
				CE5C6C0D2DF4A07400821985 /* ViewModel */,
				CE5C6C0A2DF4A06300821985 /* View */,
			);
			path = Home;
			sourceTree = "<group>";
		};
		CE1788152DF4738E00A91620 /* ProductDetail */ = {
			isa = PBXGroup;
			children = (
				CE5C6C212DF4A15000821985 /* Coordinator */,
				CE5C6C1E2DF4A13A00821985 /* Builder */,
				CE5C6C1B2DF4A11700821985 /* ViewModel */,
				CE5C6C182DF4A10300821985 /* View */,
			);
			path = ProductDetail;
			sourceTree = "<group>";
		};
		CE1788162DF4739E00A91620 /* Cart */ = {
			isa = PBXGroup;
			children = (
				CE5C6BFD2DF4906600821985 /* Builder */,
				CE5C6BFC2DF4905C00821985 /* ViewModel */,
				CE5C6BFB2DF4905300821985 /* View */,
			);
			path = Cart;
			sourceTree = "<group>";
		};
		CE1788172DF473D400A91620 /* Orders */ = {
			isa = PBXGroup;
			children = (
				CE5C6C5B2DF4B1FB00821985 /* Builder */,
				CE5C6C5A2DF4B1F100821985 /* ViewModel */,
				CE5C6C592DF4B1E200821985 /* View */,
			);
			path = Orders;
			sourceTree = "<group>";
		};
		CE1788182DF473E000A91620 /* Profile */ = {
			isa = PBXGroup;
			children = (
				CE5C6C2E2DF4A1C300821985 /* Coordinator */,
				CE5C6C262DF4A18200821985 /* Builder */,
				CE5C6C252DF4A17900821985 /* ViewModel */,
				CE5C6C242DF4A17300821985 /* View */,
			);
			path = Profile;
			sourceTree = "<group>";
		};
		CE1788192DF473FF00A91620 /* Components */ = {
			isa = PBXGroup;
			children = (
				CE5C6C532DF4B18D00821985 /* CustomButton.swift */,
				CE5C6C552DF4B19A00821985 /* CustomTextField.swift */,
				CE5C6C572DF4B1A700821985 /* ProductCardView.swift */,
			);
			path = Components;
			sourceTree = "<group>";
		};
		CE1788392DF48B7C00A91620 /* Localization */ = {
			isa = PBXGroup;
			children = (
				CE1788012DF471A700A91620 /* Localizable.strings */,
			);
			path = Localization;
			sourceTree = "<group>";
		};
		CE17883A2DF48D8E00A91620 /* View */ = {
			isa = PBXGroup;
			children = (
				CEA1C3342DFADDA400E9B74B /* LoginView.swift */,
			);
			path = View;
			sourceTree = "<group>";
		};
		CE17883D2DF48DD500A91620 /* ViewModel */ = {
			isa = PBXGroup;
			children = (
				CE17883E2DF48E2000A91620 /* LoginViewModel.swift */,
			);
			path = ViewModel;
			sourceTree = "<group>";
		};
		CE1788402DF48E2800A91620 /* Builder */ = {
			isa = PBXGroup;
			children = (
				CE1788412DF48E3A00A91620 /* LoginBuilder.swift */,
			);
			path = Builder;
			sourceTree = "<group>";
		};
		CE1788432DF48E4A00A91620 /* Coordinator */ = {
			isa = PBXGroup;
			children = (
				CE1788442DF48E6100A91620 /* LoginCoordinator.swift */,
			);
			path = Coordinator;
			sourceTree = "<group>";
		};
		CE1788462DF48E8300A91620 /* View */ = {
			isa = PBXGroup;
			children = (
				CED1C3872DFEAA430064AC1F /* PopupView */,
				CEA1C3312DFAC9F200E9B74B /* RegisterView.swift */,
			);
			path = View;
			sourceTree = "<group>";
		};
		CE1788472DF48E9500A91620 /* ViewModel */ = {
			isa = PBXGroup;
			children = (
				CE5C6BF42DF48FB200821985 /* RegisterViewModel.swift */,
			);
			path = ViewModel;
			sourceTree = "<group>";
		};
		CE46264B2DF61BBD0026AFE6 /* Controller */ = {
			isa = PBXGroup;
			children = (
				CE5C6C3C2DF4AF9200821985 /* SplashViewController.swift */,
			);
			path = Controller;
			sourceTree = "<group>";
		};
		CE46264E2DF620990026AFE6 /* Fonts */ = {
			isa = PBXGroup;
			children = (
				CE5E3C902DF85C8A005B827B /* Oswald-VariableFont_wght.ttf */,
				CE5E3C7C2DF84DA7005B827B /* Savate-VariableFont_wght.ttf */,
				CE5E3C6F2DF757BF005B827B /* MeaCulpa-Regular.ttf */,
			);
			path = Fonts;
			sourceTree = "<group>";
		};
		CE5C6BF12DF48F4D00821985 /* Builder */ = {
			isa = PBXGroup;
			children = (
				CE5C6BF62DF48FC900821985 /* RegisterBuilder.swift */,
			);
			path = Builder;
			sourceTree = "<group>";
		};
		CE5C6BF82DF48FD400821985 /* Coordinator */ = {
			isa = PBXGroup;
			children = (
				CE5C6BF92DF48FE900821985 /* RegisterCoordinator.swift */,
			);
			path = Coordinator;
			sourceTree = "<group>";
		};
		CE5C6BFB2DF4905300821985 /* View */ = {
			isa = PBXGroup;
			children = (
				CE1788332DF4895B00A91620 /* CartViewController.swift */,
			);
			path = View;
			sourceTree = "<group>";
		};
		CE5C6BFC2DF4905C00821985 /* ViewModel */ = {
			isa = PBXGroup;
			children = (
				CE1788352DF4896A00A91620 /* CartViewModel.swift */,
			);
			path = ViewModel;
			sourceTree = "<group>";
		};
		CE5C6BFD2DF4906600821985 /* Builder */ = {
			isa = PBXGroup;
			children = (
				CE1788372DF4897800A91620 /* CartBuilder.swift */,
			);
			path = Builder;
			sourceTree = "<group>";
		};
		CE5C6BFE2DF4909F00821985 /* View */ = {
			isa = PBXGroup;
			children = (
				CEA1C33D2DFB0A0A00E9B74B /* SendOTPView.swift */,
				CEA1C3432DFB0A6F00E9B74B /* VerifyOTPView.swift */,
				CEA1C34B2DFB0BAB00E9B74B /*  ChangePasswordView.swift */,
			);
			path = View;
			sourceTree = "<group>";
		};
		CE5C6BFF2DF490A600821985 /* ViewModel */ = {
			isa = PBXGroup;
			children = (
				CE5C6C032DF4916700821985 /* ForgotPasswordViewModel.swift */,
				CEA1C3472DFB0AAD00E9B74B /* VerifyOTPViewModel.swift */,
				CEA1C34D2DFB0BE100E9B74B /*  ChangePasswordViewModel.swift */,
			);
			path = ViewModel;
			sourceTree = "<group>";
		};
		CE5C6C002DF490B100821985 /* Builder */ = {
			isa = PBXGroup;
			children = (
				CE5C6C012DF4913600821985 /* ForgotPasswordBuilder.swift */,
				CEA1C3452DFB0A9300E9B74B /* VerifyOTPBuilder.swift */,
				CEA1C34F2DFB0C0800E9B74B /*  ChangePasswordBuilder.swift */,
			);
			path = Builder;
			sourceTree = "<group>";
		};
		CE5C6C072DF491B100821985 /* Coordinator */ = {
			isa = PBXGroup;
			children = (
				CE5C6C082DF4995D00821985 /* ForgotPasswordCoordinator.swift */,
			);
			path = Coordinator;
			sourceTree = "<group>";
		};
		CE5C6C0A2DF4A06300821985 /* View */ = {
			isa = PBXGroup;
			children = (
				CE5C6C0B2DF4A06F00821985 /* HomeViewController.swift */,
			);
			path = View;
			sourceTree = "<group>";
		};
		CE5C6C0D2DF4A07400821985 /* ViewModel */ = {
			isa = PBXGroup;
			children = (
				CE5C6C0E2DF4A08E00821985 /* HomeViewModel.swift */,
			);
			path = ViewModel;
			sourceTree = "<group>";
		};
		CE5C6C102DF4A09400821985 /* Builder */ = {
			isa = PBXGroup;
			children = (
				CE5C6C112DF4A0A700821985 /* HomeBuilder.swift */,
			);
			path = Builder;
			sourceTree = "<group>";
		};
		CE5C6C132DF4A0B400821985 /* Coordinator */ = {
			isa = PBXGroup;
			children = (
				CE5C6C152DF4A0D200821985 /* HomeCoordinator.swift */,
			);
			path = Coordinator;
			sourceTree = "<group>";
		};
		CE5C6C182DF4A10300821985 /* View */ = {
			isa = PBXGroup;
			children = (
				CE5C6C192DF4A11100821985 /* ProductDetailViewController.swift */,
			);
			path = View;
			sourceTree = "<group>";
		};
		CE5C6C1B2DF4A11700821985 /* ViewModel */ = {
			isa = PBXGroup;
			children = (
				CE5C6C1C2DF4A12F00821985 /* ProductDetailViewModel.swift */,
			);
			path = ViewModel;
			sourceTree = "<group>";
		};
		CE5C6C1E2DF4A13A00821985 /* Builder */ = {
			isa = PBXGroup;
			children = (
				CE5C6C1F2DF4A14500821985 /* ProductDetailBuilder.swift */,
			);
			path = Builder;
			sourceTree = "<group>";
		};
		CE5C6C212DF4A15000821985 /* Coordinator */ = {
			isa = PBXGroup;
			children = (
				CE5C6C222DF4A15D00821985 /* ProductDetailCoordinator.swift */,
			);
			path = Coordinator;
			sourceTree = "<group>";
		};
		CE5C6C242DF4A17300821985 /* View */ = {
			isa = PBXGroup;
			children = (
				CE5C6C282DF4A19900821985 /* ProfileViewController.swift */,
			);
			path = View;
			sourceTree = "<group>";
		};
		CE5C6C252DF4A17900821985 /* ViewModel */ = {
			isa = PBXGroup;
			children = (
				CE5C6C2A2DF4A1A800821985 /* ProfileViewModel.swift */,
			);
			path = ViewModel;
			sourceTree = "<group>";
		};
		CE5C6C262DF4A18200821985 /* Builder */ = {
			isa = PBXGroup;
			children = (
				CE5C6C2C2DF4A1B500821985 /* ProfileBuilder.swift */,
			);
			path = Builder;
			sourceTree = "<group>";
		};
		CE5C6C2E2DF4A1C300821985 /* Coordinator */ = {
			isa = PBXGroup;
			children = (
				CE5C6C2F2DF4A1CE00821985 /* ProfileCoordinator.swift */,
			);
			path = Coordinator;
			sourceTree = "<group>";
		};
		CE5C6C392DF4AF6400821985 /* View */ = {
			isa = PBXGroup;
			children = (
				CE46264C2DF61BD80026AFE6 /* SplashView.swift */,
			);
			path = View;
			sourceTree = "<group>";
		};
		CE5C6C3A2DF4AF6B00821985 /* ViewModel */ = {
			isa = PBXGroup;
			children = (
				CE5C6C3E2DF4AFA100821985 /* SplashViewModel.swift */,
			);
			path = ViewModel;
			sourceTree = "<group>";
		};
		CE5C6C452DF4B02300821985 /* View */ = {
			isa = PBXGroup;
			children = (
				CE5E3C782DF826B3005B827B /* OnboardingPageView.swift */,
				CE5E3C922DF861F4005B827B /* PermissionsOnboardingView.swift */,
				CE5E3C942DF86896005B827B /* GetStartedOnboardingView.swift */,
			);
			path = View;
			sourceTree = "<group>";
		};
		CE5C6C462DF4B02A00821985 /* ViewModel */ = {
			isa = PBXGroup;
			children = (
				CE5C6C4B2DF4B08200821985 /* OnboardingViewModel.swift */,
				CE5E3C9B2DF8897E005B827B /* GetStartedOnboardingViewModel.swift */,
				CE5E3C9D2DF89F46005B827B /* PermissionsOnboardingViewModel.swift */,
			);
			path = ViewModel;
			sourceTree = "<group>";
		};
		CE5C6C472DF4B03200821985 /* Builder */ = {
			isa = PBXGroup;
			children = (
				CE5C6C4F2DF4B0B200821985 /* OnboardingBuilder.swift */,
				CE5E3C8E2DF856BE005B827B /* GetStartedOnboardingBuilder.swift */,
				CE5E3C9F2DF89F80005B827B /* PermissionsOnboardingBuilder.swift */,
			);
			path = Builder;
			sourceTree = "<group>";
		};
		CE5C6C592DF4B1E200821985 /* View */ = {
			isa = PBXGroup;
			children = (
				CE5C6C5C2DF4B20400821985 /* OrdersViewController.swift */,
			);
			path = View;
			sourceTree = "<group>";
		};
		CE5C6C5A2DF4B1F100821985 /* ViewModel */ = {
			isa = PBXGroup;
			children = (
				CE5C6C5E2DF4B21300821985 /* OrdersViewModel.swift */,
			);
			path = ViewModel;
			sourceTree = "<group>";
		};
		CE5C6C5B2DF4B1FB00821985 /* Builder */ = {
			isa = PBXGroup;
			children = (
				CE5C6C602DF4B22200821985 /* OrdersBuilder.swift */,
			);
			path = Builder;
			sourceTree = "<group>";
		};
		CE5C6C622DF4B25600821985 /* Cells */ = {
			isa = PBXGroup;
			children = (
				CE5C6C632DF4B26200821985 /* ProductCell.swift */,
			);
			path = Cells;
			sourceTree = "<group>";
		};
		CE5E3C762DF82659005B827B /* Root */ = {
			isa = PBXGroup;
			children = (
				CE5E3C962DF8732A005B827B /* PageViewController.swift */,
			);
			path = Root;
			sourceTree = "<group>";
		};
		CE5E3C772DF82683005B827B /* Controller */ = {
			isa = PBXGroup;
			children = (
				CE5E3C822DF854C5005B827B /* WelcomeOnboardingViewController .swift */,
				CE5E3C842DF855C0005B827B /* FeaturesOnboardingViewController.swift */,
				CE5E3C862DF855F7005B827B /* PermissionsOnboardingViewController.swift */,
				CE5E3C882DF85613005B827B /* GetStartedOnboardingViewController  .swift */,
			);
			path = Controller;
			sourceTree = "<group>";
		};
		CE5E3C982DF88581005B827B /* Build */ = {
			isa = PBXGroup;
			children = (
				CE5E3C992DF885C1005B827B /* SplashBuild.swift */,
			);
			path = Build;
			sourceTree = "<group>";
		};
		CEA1C3302DFAC9D500E9B74B /* Controller */ = {
			isa = PBXGroup;
			children = (
				CE5C6BF22DF48F9500821985 /* RegisterViewController.swift */,
			);
			path = Controller;
			sourceTree = "<group>";
		};
		CEA1C3332DFADD8700E9B74B /* Controller */ = {
			isa = PBXGroup;
			children = (
				CE17883B2DF48DA200A91620 /* LoginViewController.swift */,
			);
			path = Controller;
			sourceTree = "<group>";
		};
		CEA1C3362DFAE16200E9B74B /* Controller */ = {
			isa = PBXGroup;
			children = (
				CE5C6C052DF4918500821985 /* ForgotPasswordViewController.swift */,
				CEA1C33B2DFB09E400E9B74B /* VerifyOTPViewController.swift */,
				CEA1C3492DFB0B0F00E9B74B /* ChangePasswordViewController  .swift */,
			);
			path = Controller;
			sourceTree = "<group>";
		};
		CEA1C3662DFC52ED00E9B74B /* AuthModel */ = {
			isa = PBXGroup;
			children = (
				CEA1C35A2DFC517800E9B74B /* Login.swift */,
				CEA1C35C2DFC519000E9B74B /* Register.swift */,
				CEA1C35E2DFC51B300E9B74B /* OTPVerification.swift */,
				CEA1C3602DFC522300E9B74B /* SendEmail.swift */,
				CEA1C3622DFC524600E9B74B /*  ResetPassword.swift */,
				CEA1C3642DFC528700E9B74B /* MeResponse.swift */,
				CEA1C36B2DFC613900E9B74B /* EmptyResponse.swift */,
			);
			path = AuthModel;
			sourceTree = "<group>";
		};
		CEA1C3742DFE175200E9B74B /* Animations */ = {
			isa = PBXGroup;
			children = (
				CED1C38A2DFEB9ED0064AC1F /* Error.json */,
				CED1C3882DFEB6330064AC1F /* Success.json */,
				CEA1C3792DFE1BA400E9B74B /* fireworks.json */,
			);
			path = Animations;
			sourceTree = "<group>";
		};
		CED1C3872DFEAA430064AC1F /* PopupView */ = {
			isa = PBXGroup;
			children = (
				CEA1C3772DFE189D00E9B74B /* SuccessPopupView.swift */,
			);
			path = PopupView;
			sourceTree = "<group>";
		};
/* End PBXGroup section */

/* Begin PBXNativeTarget section */
		CE1787DF2DF46D3100A91620 /* LucaryShop */ = {
			isa = PBXNativeTarget;
			buildConfigurationList = CE1787F42DF46D3700A91620 /* Build configuration list for PBXNativeTarget "LucaryShop" */;
			buildPhases = (
				CE1787DC2DF46D3100A91620 /* Sources */,
				CE1787DD2DF46D3100A91620 /* Frameworks */,
				CE1787DE2DF46D3100A91620 /* Resources */,
			);
			buildRules = (
			);
			dependencies = (
			);
			name = LucaryShop;
			packageProductDependencies = (
				CE1787F82DF46D4500A91620 /* SnapKit */,
				CE1787FA2DF46D4500A91620 /* SnapKit-Dynamic */,
				CE5E3C722DF777BE005B827B /* Kingfisher */,
				CEA1C3542DFC209C00E9B74B /* Alamofire */,
				CEA1C3562DFC209C00E9B74B /* AlamofireDynamic */,
				CEA1C3702DFE15EE00E9B74B /* Lottie */,
				CEA1C3722DFE15EE00E9B74B /* Lottie-Dynamic */,
			);
			productName = LucaryShop;
			productReference = CE1787E02DF46D3100A91620 /* LucaryShop.app */;
			productType = "com.apple.product-type.application";
		};
/* End PBXNativeTarget section */

/* Begin PBXProject section */
		CE1787D82DF46D3100A91620 /* Project object */ = {
			isa = PBXProject;
			attributes = {
				BuildIndependentTargetsInParallel = 1;
				LastSwiftUpdateCheck = 1520;
				LastUpgradeCheck = 1520;
				TargetAttributes = {
					CE1787DF2DF46D3100A91620 = {
						CreatedOnToolsVersion = 15.2;
					};
				};
			};
			buildConfigurationList = CE1787DB2DF46D3100A91620 /* Build configuration list for PBXProject "LucaryShop" */;
			compatibilityVersion = "Xcode 14.0";
			developmentRegion = en;
			hasScannedForEncodings = 0;
			knownRegions = (
				en,
				Base,
			);
			mainGroup = CE1787D72DF46D3100A91620;
			packageReferences = (
				CE1787F72DF46D4500A91620 /* XCRemoteSwiftPackageReference "SnapKit" */,
				CE5E3C712DF777BE005B827B /* XCRemoteSwiftPackageReference "Kingfisher" */,
				CEA1C3532DFC209C00E9B74B /* XCRemoteSwiftPackageReference "Alamofire" */,
				CEA1C36F2DFE15EE00E9B74B /* XCRemoteSwiftPackageReference "lottie-ios" */,
			);
			productRefGroup = CE1787E12DF46D3100A91620 /* Products */;
			projectDirPath = "";
			projectRoot = "";
			targets = (
				CE1787DF2DF46D3100A91620 /* LucaryShop */,
			);
		};
/* End PBXProject section */

/* Begin PBXResourcesBuildPhase section */
		CE1787DE2DF46D3100A91620 /* Resources */ = {
			isa = PBXResourcesBuildPhase;
			buildActionMask = 2147483647;
			files = (
				CED1C38B2DFEB9ED0064AC1F /* Error.json in Resources */,
				CE1787F02DF46D3700A91620 /* LaunchScreen.storyboard in Resources */,
				CE1788022DF471A700A91620 /* Localizable.strings in Resources */,
				CE5E3C7D2DF84DA7005B827B /* Savate-VariableFont_wght.ttf in Resources */,
				CE1787ED2DF46D3700A91620 /* Assets.xcassets in Resources */,
				CE5E3C702DF757BF005B827B /* MeaCulpa-Regular.ttf in Resources */,
				CED1C3892DFEB6330064AC1F /* Success.json in Resources */,
				CE5E3C912DF85C8A005B827B /* Oswald-VariableFont_wght.ttf in Resources */,
				CEA1C37A2DFE1BA400E9B74B /* fireworks.json in Resources */,
			);
			runOnlyForDeploymentPostprocessing = 0;
		};
/* End PBXResourcesBuildPhase section */

/* Begin PBXSourcesBuildPhase section */
		CE1787DC2DF46D3100A91620 /* Sources */ = {
			isa = PBXSourcesBuildPhase;
			buildActionMask = 2147483647;
			files = (
				CE5C6C062DF4918500821985 /* ForgotPasswordViewController.swift in Sources */,
				CE17883F2DF48E2000A91620 /* LoginViewModel.swift in Sources */,
				CEA1C3522DFC1D5D00E9B74B /* NetworkService.swift in Sources */,
				CE5C6C092DF4995D00821985 /* ForgotPasswordCoordinator.swift in Sources */,
				CE5C6C2D2DF4A1B500821985 /* ProfileBuilder.swift in Sources */,
				CE5C6C0C2DF4A06F00821985 /* HomeViewController.swift in Sources */,
				CEA1C35F2DFC51B300E9B74B /* OTPVerification.swift in Sources */,
				CEA1C3682DFC5C8800E9B74B /* AuthService.swift in Sources */,
				CE5E3C952DF86896005B827B /* GetStartedOnboardingView.swift in Sources */,
				CE17882C2DF486C500A91620 /* RequestBuilder.swift in Sources */,
				CE5C6C382DF4AF3000821985 /* Category.swift in Sources */,
				CEA1C33E2DFB0A0A00E9B74B /* SendOTPView.swift in Sources */,
				CE5C6BFA2DF48FE900821985 /* RegisterCoordinator.swift in Sources */,
				CE1788242DF4866D00A91620 /* LocalizationManager.swift in Sources */,
				CE5C6C3D2DF4AF9200821985 /* SplashViewController.swift in Sources */,
				CE17882A2DF486B700A91620 /* APIClient.swift in Sources */,
				CE5E3C7B2DF826D5005B827B /* OnboardingModel.swift in Sources */,
				CE5E3C932DF861F4005B827B /* PermissionsOnboardingView.swift in Sources */,
				CE5C6C202DF4A14500821985 /* ProductDetailBuilder.swift in Sources */,
				CE5E3C872DF855F7005B827B /* PermissionsOnboardingViewController.swift in Sources */,
				CE5C6C522DF4B16F00821985 /* ProductService.swift in Sources */,
				CE5C6C1D2DF4A12F00821985 /* ProductDetailViewModel.swift in Sources */,
				CE5E3C792DF826B3005B827B /* OnboardingPageView.swift in Sources */,
				CE5E3CA02DF89F80005B827B /* PermissionsOnboardingBuilder.swift in Sources */,
				CE1788382DF4897800A91620 /* CartBuilder.swift in Sources */,
				CE1787FE2DF4712900A91620 /* AppCoordinator.swift in Sources */,
				CE5C6C642DF4B26200821985 /* ProductCell.swift in Sources */,
				CE5E3C9E2DF89F46005B827B /* PermissionsOnboardingViewModel.swift in Sources */,
				CE1788202DF4864000A91620 /* Combine+Extensions.swift in Sources */,
				CE1788302DF486E900A91620 /* URLSession+Extensions.swift in Sources */,
				CE5E3C8F2DF856BE005B827B /* GetStartedOnboardingBuilder.swift in Sources */,
				CE1788282DF4868D00A91620 /* UserDefaultsManager.swift in Sources */,
				CE5C6C042DF4916700821985 /* ForgotPasswordViewModel.swift in Sources */,
				CE46264D2DF61BD80026AFE6 /* SplashView.swift in Sources */,
				CE1788222DF4865500A91620 /* NotificationManager.swift in Sources */,
				CEA1C34C2DFB0BAB00E9B74B /*  ChangePasswordView.swift in Sources */,
				CEA1C3592DFC4C2200E9B74B /* NetworkError.swift in Sources */,
				CE5C6C362DF4AF2300821985 /* Order.swift in Sources */,
				CE5C6C292DF4A19900821985 /* ProfileViewController.swift in Sources */,
				CEA1C35D2DFC519000E9B74B /* Register.swift in Sources */,
				CE5E3C9A2DF885C1005B827B /* SplashBuild.swift in Sources */,
				CE5C6C502DF4B0B200821985 /* OnboardingBuilder.swift in Sources */,
				CE17883C2DF48DA200A91620 /* LoginViewController.swift in Sources */,
				CEA1C3352DFADDA400E9B74B /* LoginView.swift in Sources */,
				CE1788342DF4895B00A91620 /* CartViewController.swift in Sources */,
				CE5C6C322DF4AF0200821985 /* User.swift in Sources */,
				CE1788062DF4724700A91620 /* UIView+Ext.swift in Sources */,
				CE5C6C232DF4A15D00821985 /* ProductDetailCoordinator.swift in Sources */,
				CE5C6C4C2DF4B08200821985 /* OnboardingViewModel.swift in Sources */,
				CE5C6C162DF4A0D200821985 /* HomeCoordinator.swift in Sources */,
				CE1788322DF486FA00A91620 /* AlamofireNetworkService.swift in Sources */,
				CE5C6C612DF4B22200821985 /* OrdersBuilder.swift in Sources */,
				CE1787E42DF46D3100A91620 /* AppDelegate.swift in Sources */,
				CE5C6BF72DF48FC900821985 /* RegisterBuilder.swift in Sources */,
				CE5C6BF52DF48FB200821985 /* RegisterViewModel.swift in Sources */,
				CEA1C3482DFB0AAD00E9B74B /* VerifyOTPViewModel.swift in Sources */,
				CE5C6C2B2DF4A1A800821985 /* ProfileViewModel.swift in Sources */,
				CEA1C3502DFB0C0800E9B74B /*  ChangePasswordBuilder.swift in Sources */,
				CEA1C36C2DFC613900E9B74B /* EmptyResponse.swift in Sources */,
				CEA1C33C2DFB09E400E9B74B /* VerifyOTPViewController.swift in Sources */,
				CEA1C34A2DFB0B0F00E9B74B /* ChangePasswordViewController  .swift in Sources */,
				CE5C6C0F2DF4A08E00821985 /* HomeViewModel.swift in Sources */,
				CEA1C3442DFB0A6F00E9B74B /* VerifyOTPView.swift in Sources */,
				CE5C6C582DF4B1A700821985 /* ProductCardView.swift in Sources */,
				CE5C6C122DF4A0A700821985 /* HomeBuilder.swift in Sources */,
				CE17882E2DF486D200A91620 /* AuthEndpoint.swift in Sources */,
				CE5E3C9C2DF8897E005B827B /* GetStartedOnboardingViewModel.swift in Sources */,
				CE1788452DF48E6100A91620 /* LoginCoordinator.swift in Sources */,
				CE5C6C562DF4B19A00821985 /* CustomTextField.swift in Sources */,
				CE1788262DF4867C00A91620 /* KeychainManager.swift in Sources */,
				CE1788082DF4725C00A91620 /* UILabel+Ext.swift in Sources */,
				CE5E3C852DF855C0005B827B /* FeaturesOnboardingViewController.swift in Sources */,
				CE5C6C022DF4913600821985 /* ForgotPasswordBuilder.swift in Sources */,
				CE1788362DF4896A00A91620 /* CartViewModel.swift in Sources */,
				CE5E3C972DF8732A005B827B /* PageViewController.swift in Sources */,
				CEA1C3632DFC524600E9B74B /*  ResetPassword.swift in Sources */,
				CEA1C3462DFB0A9300E9B74B /* VerifyOTPBuilder.swift in Sources */,
				CE5E3C892DF85613005B827B /* GetStartedOnboardingViewController  .swift in Sources */,
				CE5E3C832DF854C5005B827B /* WelcomeOnboardingViewController .swift in Sources */,
				CEA1C36A2DFC600500E9B74B /* URLSessionNetworkService.swift in Sources */,
				CE5E3CA42DF8D49E005B827B /* UIStackView.swift in Sources */,
				CE1787E62DF46D3100A91620 /* SceneDelegate.swift in Sources */,
				CE1788422DF48E3A00A91620 /* LoginBuilder.swift in Sources */,
				CEA1C3322DFAC9F200E9B74B /* RegisterView.swift in Sources */,
				CE5C6BF32DF48F9500821985 /* RegisterViewController.swift in Sources */,
				CE5C6C3F2DF4AFA100821985 /* SplashViewModel.swift in Sources */,
				CE5C6C542DF4B18D00821985 /* CustomButton.swift in Sources */,
				CE5C6C1A2DF4A11100821985 /* ProductDetailViewController.swift in Sources */,
				CEA1C3652DFC528700E9B74B /* MeResponse.swift in Sources */,
				CE5C6C5D2DF4B20400821985 /* OrdersViewController.swift in Sources */,
				CEA1C34E2DFB0BE100E9B74B /*  ChangePasswordViewModel.swift in Sources */,
				CE17881C2DF4861C00A91620 /* UIImageView+Kingfisher.swift in Sources */,
				CEA1C35B2DFC517800E9B74B /* Login.swift in Sources */,
				CE5C6C302DF4A1CE00821985 /* ProfileCoordinator.swift in Sources */,
				CEA1C3782DFE189D00E9B74B /* SuccessPopupView.swift in Sources */,
				CE17881E2DF4862D00A91620 /* String+Localization.swift in Sources */,
				CE5C6C5F2DF4B21300821985 /* OrdersViewModel.swift in Sources */,
				CEA1C3612DFC522300E9B74B /* SendEmail.swift in Sources */,
				CE5C6C342DF4AF1400821985 /* Product.swift in Sources */,
			);
			runOnlyForDeploymentPostprocessing = 0;
		};
/* End PBXSourcesBuildPhase section */

/* Begin PBXVariantGroup section */
		CE1787EE2DF46D3700A91620 /* LaunchScreen.storyboard */ = {
			isa = PBXVariantGroup;
			children = (
				CE1787EF2DF46D3700A91620 /* Base */,
			);
			name = LaunchScreen.storyboard;
			sourceTree = "<group>";
		};
/* End PBXVariantGroup section */

/* Begin XCBuildConfiguration section */
		CE1787F22DF46D3700A91620 /* Debug */ = {
			isa = XCBuildConfiguration;
			buildSettings = {
				ALWAYS_SEARCH_USER_PATHS = NO;
				ASSETCATALOG_COMPILER_GENERATE_SWIFT_ASSET_SYMBOL_EXTENSIONS = YES;
				CLANG_ANALYZER_NONNULL = YES;
				CLANG_ANALYZER_NUMBER_OBJECT_CONVERSION = YES_AGGRESSIVE;
				CLANG_CXX_LANGUAGE_STANDARD = "gnu++20";
				CLANG_ENABLE_MODULES = YES;
				CLANG_ENABLE_OBJC_ARC = YES;
				CLANG_ENABLE_OBJC_WEAK = YES;
				CLANG_WARN_BLOCK_CAPTURE_AUTORELEASING = YES;
				CLANG_WARN_BOOL_CONVERSION = YES;
				CLANG_WARN_COMMA = YES;
				CLANG_WARN_CONSTANT_CONVERSION = YES;
				CLANG_WARN_DEPRECATED_OBJC_IMPLEMENTATIONS = YES;
				CLANG_WARN_DIRECT_OBJC_ISA_USAGE = YES_ERROR;
				CLANG_WARN_DOCUMENTATION_COMMENTS = YES;
				CLANG_WARN_EMPTY_BODY = YES;
				CLANG_WARN_ENUM_CONVERSION = YES;
				CLANG_WARN_INFINITE_RECURSION = YES;
				CLANG_WARN_INT_CONVERSION = YES;
				CLANG_WARN_NON_LITERAL_NULL_CONVERSION = YES;
				CLANG_WARN_OBJC_IMPLICIT_RETAIN_SELF = YES;
				CLANG_WARN_OBJC_LITERAL_CONVERSION = YES;
				CLANG_WARN_OBJC_ROOT_CLASS = YES_ERROR;
				CLANG_WARN_QUOTED_INCLUDE_IN_FRAMEWORK_HEADER = YES;
				CLANG_WARN_RANGE_LOOP_ANALYSIS = YES;
				CLANG_WARN_STRICT_PROTOTYPES = YES;
				CLANG_WARN_SUSPICIOUS_MOVE = YES;
				CLANG_WARN_UNGUARDED_AVAILABILITY = YES_AGGRESSIVE;
				CLANG_WARN_UNREACHABLE_CODE = YES;
				CLANG_WARN__DUPLICATE_METHOD_MATCH = YES;
				COPY_PHASE_STRIP = NO;
				DEBUG_INFORMATION_FORMAT = dwarf;
				ENABLE_STRICT_OBJC_MSGSEND = YES;
				ENABLE_TESTABILITY = YES;
				ENABLE_USER_SCRIPT_SANDBOXING = YES;
				GCC_C_LANGUAGE_STANDARD = gnu17;
				GCC_DYNAMIC_NO_PIC = NO;
				GCC_NO_COMMON_BLOCKS = YES;
				GCC_OPTIMIZATION_LEVEL = 0;
				GCC_PREPROCESSOR_DEFINITIONS = (
					"DEBUG=1",
					"$(inherited)",
				);
				GCC_WARN_64_TO_32_BIT_CONVERSION = YES;
				GCC_WARN_ABOUT_RETURN_TYPE = YES_ERROR;
				GCC_WARN_UNDECLARED_SELECTOR = YES;
				GCC_WARN_UNINITIALIZED_AUTOS = YES_AGGRESSIVE;
				GCC_WARN_UNUSED_FUNCTION = YES;
				GCC_WARN_UNUSED_VARIABLE = YES;
				IPHONEOS_DEPLOYMENT_TARGET = 17.2;
				LOCALIZATION_PREFERS_STRING_CATALOGS = YES;
				MTL_ENABLE_DEBUG_INFO = INCLUDE_SOURCE;
				MTL_FAST_MATH = YES;
				ONLY_ACTIVE_ARCH = YES;
				SDKROOT = iphoneos;
				SWIFT_ACTIVE_COMPILATION_CONDITIONS = "DEBUG $(inherited)";
				SWIFT_OPTIMIZATION_LEVEL = "-Onone";
			};
			name = Debug;
		};
		CE1787F32DF46D3700A91620 /* Release */ = {
			isa = XCBuildConfiguration;
			buildSettings = {
				ALWAYS_SEARCH_USER_PATHS = NO;
				ASSETCATALOG_COMPILER_GENERATE_SWIFT_ASSET_SYMBOL_EXTENSIONS = YES;
				CLANG_ANALYZER_NONNULL = YES;
				CLANG_ANALYZER_NUMBER_OBJECT_CONVERSION = YES_AGGRESSIVE;
				CLANG_CXX_LANGUAGE_STANDARD = "gnu++20";
				CLANG_ENABLE_MODULES = YES;
				CLANG_ENABLE_OBJC_ARC = YES;
				CLANG_ENABLE_OBJC_WEAK = YES;
				CLANG_WARN_BLOCK_CAPTURE_AUTORELEASING = YES;
				CLANG_WARN_BOOL_CONVERSION = YES;
				CLANG_WARN_COMMA = YES;
				CLANG_WARN_CONSTANT_CONVERSION = YES;
				CLANG_WARN_DEPRECATED_OBJC_IMPLEMENTATIONS = YES;
				CLANG_WARN_DIRECT_OBJC_ISA_USAGE = YES_ERROR;
				CLANG_WARN_DOCUMENTATION_COMMENTS = YES;
				CLANG_WARN_EMPTY_BODY = YES;
				CLANG_WARN_ENUM_CONVERSION = YES;
				CLANG_WARN_INFINITE_RECURSION = YES;
				CLANG_WARN_INT_CONVERSION = YES;
				CLANG_WARN_NON_LITERAL_NULL_CONVERSION = YES;
				CLANG_WARN_OBJC_IMPLICIT_RETAIN_SELF = YES;
				CLANG_WARN_OBJC_LITERAL_CONVERSION = YES;
				CLANG_WARN_OBJC_ROOT_CLASS = YES_ERROR;
				CLANG_WARN_QUOTED_INCLUDE_IN_FRAMEWORK_HEADER = YES;
				CLANG_WARN_RANGE_LOOP_ANALYSIS = YES;
				CLANG_WARN_STRICT_PROTOTYPES = YES;
				CLANG_WARN_SUSPICIOUS_MOVE = YES;
				CLANG_WARN_UNGUARDED_AVAILABILITY = YES_AGGRESSIVE;
				CLANG_WARN_UNREACHABLE_CODE = YES;
				CLANG_WARN__DUPLICATE_METHOD_MATCH = YES;
				COPY_PHASE_STRIP = NO;
				DEBUG_INFORMATION_FORMAT = "dwarf-with-dsym";
				ENABLE_NS_ASSERTIONS = NO;
				ENABLE_STRICT_OBJC_MSGSEND = YES;
				ENABLE_USER_SCRIPT_SANDBOXING = YES;
				GCC_C_LANGUAGE_STANDARD = gnu17;
				GCC_NO_COMMON_BLOCKS = YES;
				GCC_WARN_64_TO_32_BIT_CONVERSION = YES;
				GCC_WARN_ABOUT_RETURN_TYPE = YES_ERROR;
				GCC_WARN_UNDECLARED_SELECTOR = YES;
				GCC_WARN_UNINITIALIZED_AUTOS = YES_AGGRESSIVE;
				GCC_WARN_UNUSED_FUNCTION = YES;
				GCC_WARN_UNUSED_VARIABLE = YES;
				IPHONEOS_DEPLOYMENT_TARGET = 17.2;
				LOCALIZATION_PREFERS_STRING_CATALOGS = YES;
				MTL_ENABLE_DEBUG_INFO = NO;
				MTL_FAST_MATH = YES;
				SDKROOT = iphoneos;
				SWIFT_COMPILATION_MODE = wholemodule;
				VALIDATE_PRODUCT = YES;
			};
			name = Release;
		};
		CE1787F52DF46D3700A91620 /* Debug */ = {
			isa = XCBuildConfiguration;
			buildSettings = {
				ASSETCATALOG_COMPILER_APPICON_NAME = AppIcon;
				ASSETCATALOG_COMPILER_GLOBAL_ACCENT_COLOR_NAME = AccentColor;
				CODE_SIGN_STYLE = Automatic;
				CURRENT_PROJECT_VERSION = 1;
				GENERATE_INFOPLIST_FILE = YES;
				INFOPLIST_FILE = LucaryShop/Info.plist;
				INFOPLIST_KEY_UIApplicationSupportsIndirectInputEvents = YES;
				INFOPLIST_KEY_UILaunchStoryboardName = LaunchScreen;
				INFOPLIST_KEY_UISupportedInterfaceOrientations_iPad = "UIInterfaceOrientationPortrait UIInterfaceOrientationPortraitUpsideDown UIInterfaceOrientationLandscapeLeft UIInterfaceOrientationLandscapeRight";
				INFOPLIST_KEY_UISupportedInterfaceOrientations_iPhone = "UIInterfaceOrientationPortrait UIInterfaceOrientationLandscapeLeft UIInterfaceOrientationLandscapeRight";
				LD_RUNPATH_SEARCH_PATHS = (
					"$(inherited)",
					"@executable_path/Frameworks",
				);
				MARKETING_VERSION = 1.0;
				PRODUCT_BUNDLE_IDENTIFIER = com.gunelbalayeva.LucaryShop;
				PRODUCT_NAME = "$(TARGET_NAME)";
				SWIFT_EMIT_LOC_STRINGS = YES;
				SWIFT_VERSION = 5.0;
				TARGETED_DEVICE_FAMILY = "1,2";
			};
			name = Debug;
		};
		CE1787F62DF46D3700A91620 /* Release */ = {
			isa = XCBuildConfiguration;
			buildSettings = {
				ASSETCATALOG_COMPILER_APPICON_NAME = AppIcon;
				ASSETCATALOG_COMPILER_GLOBAL_ACCENT_COLOR_NAME = AccentColor;
				CODE_SIGN_STYLE = Automatic;
				CURRENT_PROJECT_VERSION = 1;
				GENERATE_INFOPLIST_FILE = YES;
				INFOPLIST_FILE = LucaryShop/Info.plist;
				INFOPLIST_KEY_UIApplicationSupportsIndirectInputEvents = YES;
				INFOPLIST_KEY_UILaunchStoryboardName = LaunchScreen;
				INFOPLIST_KEY_UISupportedInterfaceOrientations_iPad = "UIInterfaceOrientationPortrait UIInterfaceOrientationPortraitUpsideDown UIInterfaceOrientationLandscapeLeft UIInterfaceOrientationLandscapeRight";
				INFOPLIST_KEY_UISupportedInterfaceOrientations_iPhone = "UIInterfaceOrientationPortrait UIInterfaceOrientationLandscapeLeft UIInterfaceOrientationLandscapeRight";
				LD_RUNPATH_SEARCH_PATHS = (
					"$(inherited)",
					"@executable_path/Frameworks",
				);
				MARKETING_VERSION = 1.0;
				PRODUCT_BUNDLE_IDENTIFIER = com.gunelbalayeva.LucaryShop;
				PRODUCT_NAME = "$(TARGET_NAME)";
				SWIFT_EMIT_LOC_STRINGS = YES;
				SWIFT_VERSION = 5.0;
				TARGETED_DEVICE_FAMILY = "1,2";
			};
			name = Release;
		};
/* End XCBuildConfiguration section */

/* Begin XCConfigurationList section */
		CE1787DB2DF46D3100A91620 /* Build configuration list for PBXProject "LucaryShop" */ = {
			isa = XCConfigurationList;
			buildConfigurations = (
				CE1787F22DF46D3700A91620 /* Debug */,
				CE1787F32DF46D3700A91620 /* Release */,
			);
			defaultConfigurationIsVisible = 0;
			defaultConfigurationName = Release;
		};
		CE1787F42DF46D3700A91620 /* Build configuration list for PBXNativeTarget "LucaryShop" */ = {
			isa = XCConfigurationList;
			buildConfigurations = (
				CE1787F52DF46D3700A91620 /* Debug */,
				CE1787F62DF46D3700A91620 /* Release */,
			);
			defaultConfigurationIsVisible = 0;
			defaultConfigurationName = Release;
		};
/* End XCConfigurationList section */

/* Begin XCRemoteSwiftPackageReference section */
		CE1787F72DF46D4500A91620 /* XCRemoteSwiftPackageReference "SnapKit" */ = {
			isa = XCRemoteSwiftPackageReference;
			repositoryURL = "https://github.com/SnapKit/SnapKit.git";
			requirement = {
				kind = upToNextMajorVersion;
				minimumVersion = 5.7.1;
			};
		};
		CE5E3C712DF777BE005B827B /* XCRemoteSwiftPackageReference "Kingfisher" */ = {
			isa = XCRemoteSwiftPackageReference;
			repositoryURL = "https://github.com/onevcat/Kingfisher.git";
			requirement = {
				kind = upToNextMajorVersion;
				minimumVersion = 8.3.2;
			};
		};
		CEA1C3532DFC209C00E9B74B /* XCRemoteSwiftPackageReference "Alamofire" */ = {
			isa = XCRemoteSwiftPackageReference;
			repositoryURL = "https://github.com/Alamofire/Alamofire.git";
			requirement = {
				kind = upToNextMajorVersion;
				minimumVersion = 5.10.2;
			};
		};
		CEA1C36F2DFE15EE00E9B74B /* XCRemoteSwiftPackageReference "lottie-ios" */ = {
			isa = XCRemoteSwiftPackageReference;
			repositoryURL = "https://github.com/airbnb/lottie-ios";
			requirement = {
				kind = upToNextMajorVersion;
				minimumVersion = 4.5.2;
			};
		};
/* End XCRemoteSwiftPackageReference section */

/* Begin XCSwiftPackageProductDependency section */
		CE1787F82DF46D4500A91620 /* SnapKit */ = {
			isa = XCSwiftPackageProductDependency;
			package = CE1787F72DF46D4500A91620 /* XCRemoteSwiftPackageReference "SnapKit" */;
			productName = SnapKit;
		};
		CE1787FA2DF46D4500A91620 /* SnapKit-Dynamic */ = {
			isa = XCSwiftPackageProductDependency;
			package = CE1787F72DF46D4500A91620 /* XCRemoteSwiftPackageReference "SnapKit" */;
			productName = "SnapKit-Dynamic";
		};
		CE5E3C722DF777BE005B827B /* Kingfisher */ = {
			isa = XCSwiftPackageProductDependency;
			package = CE5E3C712DF777BE005B827B /* XCRemoteSwiftPackageReference "Kingfisher" */;
			productName = Kingfisher;
		};
		CEA1C3542DFC209C00E9B74B /* Alamofire */ = {
			isa = XCSwiftPackageProductDependency;
			package = CEA1C3532DFC209C00E9B74B /* XCRemoteSwiftPackageReference "Alamofire" */;
			productName = Alamofire;
		};
		CEA1C3562DFC209C00E9B74B /* AlamofireDynamic */ = {
			isa = XCSwiftPackageProductDependency;
			package = CEA1C3532DFC209C00E9B74B /* XCRemoteSwiftPackageReference "Alamofire" */;
			productName = AlamofireDynamic;
		};
		CEA1C3702DFE15EE00E9B74B /* Lottie */ = {
			isa = XCSwiftPackageProductDependency;
			package = CEA1C36F2DFE15EE00E9B74B /* XCRemoteSwiftPackageReference "lottie-ios" */;
			productName = Lottie;
		};
		CEA1C3722DFE15EE00E9B74B /* Lottie-Dynamic */ = {
			isa = XCSwiftPackageProductDependency;
			package = CEA1C36F2DFE15EE00E9B74B /* XCRemoteSwiftPackageReference "lottie-ios" */;
			productName = "Lottie-Dynamic";
		};
/* End XCSwiftPackageProductDependency section */
	};
	rootObject = CE1787D82DF46D3100A91620 /* Project object */;
}
